// !$*UTF8*$!
{
	archiveVersion = 1;
	classes = {
	};
	objectVersion = 46;
	objects = {

/* Begin PBXBuildFile section */
		3341C69225FC52EE00F0CF8C /* main.swift in Sources */ = {isa = PBXBuildFile; fileRef = 3341C69125FC52EE00F0CF8C /* main.swift */; };
		3341C69B25FC543000F0CF8C /* PrintedMaterial.swift in Sources */ = {isa = PBXBuildFile; fileRef = 3341C69A25FC543000F0CF8C /* PrintedMaterial.swift */; };
		3341C69D25FC547600F0CF8C /* Book.swift in Sources */ = {isa = PBXBuildFile; fileRef = 3341C69C25FC547600F0CF8C /* Book.swift */; };
		3341C69F25FC549D00F0CF8C /* Magazine.swift in Sources */ = {isa = PBXBuildFile; fileRef = 3341C69E25FC549D00F0CF8C /* Magazine.swift */; };
		3341C6A125FC54B600F0CF8C /* Newspaper.swift in Sources */ = {isa = PBXBuildFile; fileRef = 3341C6A025FC54B600F0CF8C /* Newspaper.swift */; };
		33DEA12D26092A96007C0B34 /* Author.swift in Sources */ = {isa = PBXBuildFile; fileRef = 33DEA12C26092A96007C0B34 /* Author.swift */; };
/* End PBXBuildFile section */

/* Begin PBXCopyFilesBuildPhase section */
		3341C68C25FC52EE00F0CF8C /* CopyFiles */ = {
			isa = PBXCopyFilesBuildPhase;
			buildActionMask = 2147483647;
			dstPath = /usr/share/man/man1/;
			dstSubfolderSpec = 0;
			files = (
			);
			runOnlyForDeploymentPostprocessing = 1;
		};
/* End PBXCopyFilesBuildPhase section */

/* Begin PBXFileReference section */
		3341C68E25FC52EE00F0CF8C /* clase20210308-c */ = {isa = PBXFileReference; explicitFileType = "compiled.mach-o.executable"; includeInIndex = 0; path = "clase20210308-c"; sourceTree = BUILT_PRODUCTS_DIR; };
		3341C69125FC52EE00F0CF8C /* main.swift */ = {isa = PBXFileReference; lastKnownFileType = sourcecode.swift; path = main.swift; sourceTree = "<group>"; };
		3341C69A25FC543000F0CF8C /* PrintedMaterial.swift */ = {isa = PBXFileReference; fileEncoding = 4; lastKnownFileType = sourcecode.swift; path = PrintedMaterial.swift; sourceTree = "<group>"; };
		3341C69C25FC547600F0CF8C /* Book.swift */ = {isa = PBXFileReference; fileEncoding = 4; lastKnownFileType = sourcecode.swift; path = Book.swift; sourceTree = "<group>"; };
		3341C69E25FC549D00F0CF8C /* Magazine.swift */ = {isa = PBXFileReference; fileEncoding = 4; lastKnownFileType = sourcecode.swift; path = Magazine.swift; sourceTree = "<group>"; };
		3341C6A025FC54B600F0CF8C /* Newspaper.swift */ = {isa = PBXFileReference; fileEncoding = 4; lastKnownFileType = sourcecode.swift; path = Newspaper.swift; sourceTree = "<group>"; };
		33DEA12C26092A96007C0B34 /* Author.swift */ = {isa = PBXFileReference; fileEncoding = 4; lastKnownFileType = sourcecode.swift; path = Author.swift; sourceTree = "<group>"; };
/* End PBXFileReference section */

/* Begin PBXFrameworksBuildPhase section */
		3341C68B25FC52EE00F0CF8C /* Frameworks */ = {
			isa = PBXFrameworksBuildPhase;
			buildActionMask = 2147483647;
			files = (
			);
			runOnlyForDeploymentPostprocessing = 0;
		};
/* End PBXFrameworksBuildPhase section */

/* Begin PBXGroup section */
		3341C68525FC52EE00F0CF8C = {
			isa = PBXGroup;
			children = (
				3341C69025FC52EE00F0CF8C /* clase20210308-c */,
				3341C68F25FC52EE00F0CF8C /* Products */,
			);
			sourceTree = "<group>";
		};
		3341C68F25FC52EE00F0CF8C /* Products */ = {
			isa = PBXGroup;
			children = (
				3341C68E25FC52EE00F0CF8C /* clase20210308-c */,
			);
			name = Products;
			sourceTree = "<group>";
		};
		3341C69025FC52EE00F0CF8C /* clase20210308-c */ = {
			isa = PBXGroup;
			children = (
				3341C69125FC52EE00F0CF8C /* main.swift */,
				3341C69A25FC543000F0CF8C /* PrintedMaterial.swift */,
				3341C69C25FC547600F0CF8C /* Book.swift */,
				3341C69E25FC549D00F0CF8C /* Magazine.swift */,
				3341C6A025FC54B600F0CF8C /* Newspaper.swift */,
				33DEA12C26092A96007C0B34 /* Author.swift */,
			);
			path = "clase20210308-c";
			sourceTree = "<group>";
		};
/* End PBXGroup section */

/* Begin PBXNativeTarget section */
		3341C68D25FC52EE00F0CF8C /* clase20210308-c */ = {
			isa = PBXNativeTarget;
			buildConfigurationList = 3341C69525FC52EE00F0CF8C /* Build configuration list for PBXNativeTarget "clase20210308-c" */;
			buildPhases = (
				3341C68A25FC52EE00F0CF8C /* Sources */,
				3341C68B25FC52EE00F0CF8C /* Frameworks */,
				3341C68C25FC52EE00F0CF8C /* CopyFiles */,
			);
			buildRules = (
			);
			dependencies = (
			);
			name = "clase20210308-c";
			productName = "clase20210308-c";
			productReference = 3341C68E25FC52EE00F0CF8C /* clase20210308-c */;
			productType = "com.apple.product-type.tool";
		};
/* End PBXNativeTarget section */

/* Begin PBXProject section */
		3341C68625FC52EE00F0CF8C /* Project object */ = {
			isa = PBXProject;
			attributes = {
				LastSwiftUpdateCheck = 0830;
				LastUpgradeCheck = 0830;
				ORGANIZATIONNAME = Development;
				TargetAttributes = {
					3341C68D25FC52EE00F0CF8C = {
						CreatedOnToolsVersion = 8.3.3;
						ProvisioningStyle = Automatic;
					};
				};
			};
			buildConfigurationList = 3341C68925FC52EE00F0CF8C /* Build configuration list for PBXProject "clase20210308-c" */;
			compatibilityVersion = "Xcode 3.2";
			developmentRegion = English;
			hasScannedForEncodings = 0;
			knownRegions = (
				en,
			);
			mainGroup = 3341C68525FC52EE00F0CF8C;
			productRefGroup = 3341C68F25FC52EE00F0CF8C /* Products */;
			projectDirPath = "";
			projectRoot = "";
			targets = (
				3341C68D25FC52EE00F0CF8C /* clase20210308-c */,
			);
		};
/* End PBXProject section */

/* Begin PBXSourcesBuildPhase section */
		3341C68A25FC52EE00F0CF8C /* Sources */ = {
			isa = PBXSourcesBuildPhase;
			buildActionMask = 2147483647;
			files = (
				3341C6A125FC54B600F0CF8C /* Newspaper.swift in Sources */,
				3341C69225FC52EE00F0CF8C /* main.swift in Sources */,
				3341C69F25FC549D00F0CF8C /* Magazine.swift in Sources */,
				3341C69B25FC543000F0CF8C /* PrintedMaterial.swift in Sources */,
				33DEA12D26092A96007C0B34 /* Author.swift in Sources */,
				3341C69D25FC547600F0CF8C /* Book.swift in Sources */,
			);
			runOnlyForDeploymentPostprocessing = 0;
		};
/* End PBXSourcesBuildPhase section */

/* Begin XCBuildConfiguration section */
		3341C69325FC52EE00F0CF8C /* Debug */ = {
			isa = XCBuildConfiguration;
			buildSettings = {
				ALWAYS_SEARCH_USER_PATHS = NO;
				CLANG_ANALYZER_NONNULL = YES;
				CLANG_ANALYZER_NUMBER_OBJECT_CONVERSION = YES_AGGRESSIVE;
				CLANG_CXX_LANGUAGE_STANDARD = "gnu++0x";
				CLANG_CXX_LIBRARY = "libc++";
				CLANG_ENABLE_MODULES = YES;
				CLANG_ENABLE_OBJC_ARC = YES;
				CLANG_WARN_BOOL_CONVERSION = YES;
				CLANG_WARN_CONSTANT_CONVERSION = YES;
				CLANG_WARN_DIRECT_OBJC_ISA_USAGE = YES_ERROR;
				CLANG_WARN_DOCUMENTATION_COMMENTS = YES;
				CLANG_WARN_EMPTY_BODY = YES;
				CLANG_WARN_ENUM_CONVERSION = YES;
				CLANG_WARN_INFINITE_RECURSION = YES;
				CLANG_WARN_INT_CONVERSION = YES;
				CLANG_WARN_OBJC_ROOT_CLASS = YES_ERROR;
				CLANG_WARN_SUSPICIOUS_MOVE = YES;
				CLANG_WARN_UNREACHABLE_CODE = YES;
				CLANG_WARN__DUPLICATE_METHOD_MATCH = YES;
				CODE_SIGN_IDENTITY = "-";
				COPY_PHASE_STRIP = NO;
				DEBUG_INFORMATION_FORMAT = dwarf;
				ENABLE_STRICT_OBJC_MSGSEND = YES;
				ENABLE_TESTABILITY = YES;
				GCC_C_LANGUAGE_STANDARD = gnu99;
				GCC_DYNAMIC_NO_PIC = NO;
				GCC_NO_COMMON_BLOCKS = YES;
				GCC_OPTIMIZATION_LEVEL = 0;
				GCC_PREPROCESSOR_DEFINITIONS = (
					"DEBUG=1",
					"$(inherited)",
				);
				GCC_WARN_64_TO_32_BIT_CONVERSION = YES;
				GCC_WARN_ABOUT_RETURN_TYPE = YES_ERROR;
				GCC_WARN_UNDECLARED_SELECTOR = YES;
				GCC_WARN_UNINITIALIZED_AUTOS = YES_AGGRESSIVE;
				GCC_WARN_UNUSED_FUNCTION = YES;
				GCC_WARN_UNUSED_VARIABLE = YES;
				MACOSX_DEPLOYMENT_TARGET = 10.13;
				MTL_ENABLE_DEBUG_INFO = YES;
				ONLY_ACTIVE_ARCH = YES;
				SDKROOT = macosx;
				SWIFT_OPTIMIZATION_LEVEL = "-Onone";
			};
			name = Debug;
		};
		3341C69425FC52EE00F0CF8C /* Release */ = {
			isa = XCBuildConfiguration;
			buildSettings = {
				ALWAYS_SEARCH_USER_PATHS = NO;
				CLANG_ANALYZER_NONNULL = YES;
				CLANG_ANALYZER_NUMBER_OBJECT_CONVERSION = YES_AGGRESSIVE;
				CLANG_CXX_LANGUAGE_STANDARD = "gnu++0x";
				CLANG_CXX_LIBRARY = "libc++";
				CLANG_ENABLE_MODULES = YES;
				CLANG_ENABLE_OBJC_ARC = YES;
				CLANG_WARN_BOOL_CONVERSION = YES;
				CLANG_WARN_CONSTANT_CONVERSION = YES;
				CLANG_WARN_DIRECT_OBJC_ISA_USAGE = YES_ERROR;
				CLANG_WARN_DOCUMENTATION_COMMENTS = YES;
				CLANG_WARN_EMPTY_BODY = YES;
				CLANG_WARN_ENUM_CONVERSION = YES;
				CLANG_WARN_INFINITE_RECURSION = YES;
				CLANG_WARN_INT_CONVERSION = YES;
				CLANG_WARN_OBJC_ROOT_CLASS = YES_ERROR;
				CLANG_WARN_SUSPICIOUS_MOVE = YES;
				CLANG_WARN_UNREACHABLE_CODE = YES;
				CLANG_WARN__DUPLICATE_METHOD_MATCH = YES;
				CODE_SIGN_IDENTITY = "-";
				COPY_PHASE_STRIP = NO;
				DEBUG_INFORMATION_FORMAT = "dwarf-with-dsym";
				ENABLE_NS_ASSERTIONS = NO;
				ENABLE_STRICT_OBJC_MSGSEND = YES;
				GCC_C_LANGUAGE_STANDARD = gnu99;
				GCC_NO_COMMON_BLOCKS = YES;
				GCC_WARN_64_TO_32_BIT_CONVERSION = YES;
				GCC_WARN_ABOUT_RETURN_TYPE = YES_ERROR;
				GCC_WARN_UNDECLARED_SELECTOR = YES;
				GCC_WARN_UNINITIALIZED_AUTOS = YES_AGGRESSIVE;
				GCC_WARN_UNUSED_FUNCTION = YES;
				GCC_WARN_UNUSED_VARIABLE = YES;
				MACOSX_DEPLOYMENT_TARGET = 10.13;
				MTL_ENABLE_DEBUG_INFO = NO;
				SDKROOT = macosx;
			};
			name = Release;
		};
		3341C69625FC52EE00F0CF8C /* Debug */ = {
			isa = XCBuildConfiguration;
			buildSettings = {
				PRODUCT_NAME = "$(TARGET_NAME)";
				SWIFT_VERSION = 3.0;
			};
			name = Debug;
		};
		3341C69725FC52EE00F0CF8C /* Release */ = {
			isa = XCBuildConfiguration;
			buildSettings = {
				PRODUCT_NAME = "$(TARGET_NAME)";
				SWIFT_VERSION = 3.0;
			};
			name = Release;
		};
/* End XCBuildConfiguration section */

/* Begin XCConfigurationList section */
		3341C68925FC52EE00F0CF8C /* Build configuration list for PBXProject "clase20210308-c" */ = {
			isa = XCConfigurationList;
			buildConfigurations = (
				3341C69325FC52EE00F0CF8C /* Debug */,
				3341C69425FC52EE00F0CF8C /* Release */,
			);
			defaultConfigurationIsVisible = 0;
			defaultConfigurationName = Release;
		};
		3341C69525FC52EE00F0CF8C /* Build configuration list for PBXNativeTarget "clase20210308-c" */ = {
			isa = XCConfigurationList;
			buildConfigurations = (
				3341C69625FC52EE00F0CF8C /* Debug */,
				3341C69725FC52EE00F0CF8C /* Release */,
			);
			defaultConfigurationIsVisible = 0;
			defaultConfigurationName = Release;
		};
/* End XCConfigurationList section */
	};
	rootObject = 3341C68625FC52EE00F0CF8C /* Project object */;
}
