// !$*UTF8*$!
{
	archiveVersion = 1;
	classes = {
	};
	objectVersion = 46;
	objects = {

/* Begin PBXBuildFile section */
		335D03E82655F92C00FBEBA2 /* AppDelegate.swift in Sources */ = {isa = PBXBuildFile; fileRef = 335D03E72655F92C00FBEBA2 /* AppDelegate.swift */; };
		335D03EA2655F92C00FBEBA2 /* ViewController.swift in Sources */ = {isa = PBXBuildFile; fileRef = 335D03E92655F92C00FBEBA2 /* ViewController.swift */; };
		335D03ED2655F92C00FBEBA2 /* Main.storyboard in Resources */ = {isa = PBXBuildFile; fileRef = 335D03EB2655F92C00FBEBA2 /* Main.storyboard */; };
		335D03F02655F92C00FBEBA2 /* parcial42561842015.xcdatamodeld in Sources */ = {isa = PBXBuildFile; fileRef = 335D03EE2655F92C00FBEBA2 /* parcial42561842015.xcdatamodeld */; };
		335D03F22655F92C00FBEBA2 /* Assets.xcassets in Resources */ = {isa = PBXBuildFile; fileRef = 335D03F12655F92C00FBEBA2 /* Assets.xcassets */; };
		335D03F52655F92C00FBEBA2 /* LaunchScreen.storyboard in Resources */ = {isa = PBXBuildFile; fileRef = 335D03F32655F92C00FBEBA2 /* LaunchScreen.storyboard */; };
		335D04002655F92C00FBEBA2 /* parcial42561842015Tests.swift in Sources */ = {isa = PBXBuildFile; fileRef = 335D03FF2655F92C00FBEBA2 /* parcial42561842015Tests.swift */; };
		335D040B2655F92C00FBEBA2 /* parcial42561842015UITests.swift in Sources */ = {isa = PBXBuildFile; fileRef = 335D040A2655F92C00FBEBA2 /* parcial42561842015UITests.swift */; };
		335D041A2655FAEC00FBEBA2 /* Informacion+CoreDataClass.swift in Sources */ = {isa = PBXBuildFile; fileRef = 335D04182655FAEC00FBEBA2 /* Informacion+CoreDataClass.swift */; };
		335D041B2655FAEC00FBEBA2 /* Informacion+CoreDataProperties.swift in Sources */ = {isa = PBXBuildFile; fileRef = 335D04192655FAEC00FBEBA2 /* Informacion+CoreDataProperties.swift */; };
/* End PBXBuildFile section */

/* Begin PBXContainerItemProxy section */
		335D03FC2655F92C00FBEBA2 /* PBXContainerItemProxy */ = {
			isa = PBXContainerItemProxy;
			containerPortal = 335D03DC2655F92C00FBEBA2 /* Project object */;
			proxyType = 1;
			remoteGlobalIDString = 335D03E32655F92C00FBEBA2;
			remoteInfo = parcial42561842015;
		};
		335D04072655F92C00FBEBA2 /* PBXContainerItemProxy */ = {
			isa = PBXContainerItemProxy;
			containerPortal = 335D03DC2655F92C00FBEBA2 /* Project object */;
			proxyType = 1;
			remoteGlobalIDString = 335D03E32655F92C00FBEBA2;
			remoteInfo = parcial42561842015;
		};
/* End PBXContainerItemProxy section */

/* Begin PBXFileReference section */
		335D03E42655F92C00FBEBA2 /* parcial42561842015.app */ = {isa = PBXFileReference; explicitFileType = wrapper.application; includeInIndex = 0; path = parcial42561842015.app; sourceTree = BUILT_PRODUCTS_DIR; };
		335D03E72655F92C00FBEBA2 /* AppDelegate.swift */ = {isa = PBXFileReference; lastKnownFileType = sourcecode.swift; path = AppDelegate.swift; sourceTree = "<group>"; };
		335D03E92655F92C00FBEBA2 /* ViewController.swift */ = {isa = PBXFileReference; lastKnownFileType = sourcecode.swift; path = ViewController.swift; sourceTree = "<group>"; };
		335D03EC2655F92C00FBEBA2 /* Base */ = {isa = PBXFileReference; lastKnownFileType = file.storyboard; name = Base; path = Base.lproj/Main.storyboard; sourceTree = "<group>"; };
		335D03EF2655F92C00FBEBA2 /* parcial42561842015.xcdatamodel */ = {isa = PBXFileReference; lastKnownFileType = wrapper.xcdatamodel; path = parcial42561842015.xcdatamodel; sourceTree = "<group>"; };
		335D03F12655F92C00FBEBA2 /* Assets.xcassets */ = {isa = PBXFileReference; lastKnownFileType = folder.assetcatalog; path = Assets.xcassets; sourceTree = "<group>"; };
		335D03F42655F92C00FBEBA2 /* Base */ = {isa = PBXFileReference; lastKnownFileType = file.storyboard; name = Base; path = Base.lproj/LaunchScreen.storyboard; sourceTree = "<group>"; };
		335D03F62655F92C00FBEBA2 /* Info.plist */ = {isa = PBXFileReference; lastKnownFileType = text.plist.xml; path = Info.plist; sourceTree = "<group>"; };
		335D03FB2655F92C00FBEBA2 /* parcial42561842015Tests.xctest */ = {isa = PBXFileReference; explicitFileType = wrapper.cfbundle; includeInIndex = 0; path = parcial42561842015Tests.xctest; sourceTree = BUILT_PRODUCTS_DIR; };
		335D03FF2655F92C00FBEBA2 /* parcial42561842015Tests.swift */ = {isa = PBXFileReference; lastKnownFileType = sourcecode.swift; path = parcial42561842015Tests.swift; sourceTree = "<group>"; };
		335D04012655F92C00FBEBA2 /* Info.plist */ = {isa = PBXFileReference; lastKnownFileType = text.plist.xml; path = Info.plist; sourceTree = "<group>"; };
		335D04062655F92C00FBEBA2 /* parcial42561842015UITests.xctest */ = {isa = PBXFileReference; explicitFileType = wrapper.cfbundle; includeInIndex = 0; path = parcial42561842015UITests.xctest; sourceTree = BUILT_PRODUCTS_DIR; };
		335D040A2655F92C00FBEBA2 /* parcial42561842015UITests.swift */ = {isa = PBXFileReference; lastKnownFileType = sourcecode.swift; path = parcial42561842015UITests.swift; sourceTree = "<group>"; };
		335D040C2655F92C00FBEBA2 /* Info.plist */ = {isa = PBXFileReference; lastKnownFileType = text.plist.xml; path = Info.plist; sourceTree = "<group>"; };
		335D04182655FAEC00FBEBA2 /* Informacion+CoreDataClass.swift */ = {isa = PBXFileReference; fileEncoding = 4; lastKnownFileType = sourcecode.swift; path = "Informacion+CoreDataClass.swift"; sourceTree = "<group>"; };
		335D04192655FAEC00FBEBA2 /* Informacion+CoreDataProperties.swift */ = {isa = PBXFileReference; fileEncoding = 4; lastKnownFileType = sourcecode.swift; path = "Informacion+CoreDataProperties.swift"; sourceTree = "<group>"; };
/* End PBXFileReference section */

/* Begin PBXFrameworksBuildPhase section */
		335D03E12655F92C00FBEBA2 /* Frameworks */ = {
			isa = PBXFrameworksBuildPhase;
			buildActionMask = 2147483647;
			files = (
			);
			runOnlyForDeploymentPostprocessing = 0;
		};
		335D03F82655F92C00FBEBA2 /* Frameworks */ = {
			isa = PBXFrameworksBuildPhase;
			buildActionMask = 2147483647;
			files = (
			);
			runOnlyForDeploymentPostprocessing = 0;
		};
		335D04032655F92C00FBEBA2 /* Frameworks */ = {
			isa = PBXFrameworksBuildPhase;
			buildActionMask = 2147483647;
			files = (
			);
			runOnlyForDeploymentPostprocessing = 0;
		};
/* End PBXFrameworksBuildPhase section */

/* Begin PBXGroup section */
		335D03DB2655F92C00FBEBA2 = {
			isa = PBXGroup;
			children = (
				335D04182655FAEC00FBEBA2 /* Informacion+CoreDataClass.swift */,
				335D04192655FAEC00FBEBA2 /* Informacion+CoreDataProperties.swift */,
				335D03E62655F92C00FBEBA2 /* parcial42561842015 */,
				335D03FE2655F92C00FBEBA2 /* parcial42561842015Tests */,
				335D04092655F92C00FBEBA2 /* parcial42561842015UITests */,
				335D03E52655F92C00FBEBA2 /* Products */,
			);
			sourceTree = "<group>";
		};
		335D03E52655F92C00FBEBA2 /* Products */ = {
			isa = PBXGroup;
			children = (
				335D03E42655F92C00FBEBA2 /* parcial42561842015.app */,
				335D03FB2655F92C00FBEBA2 /* parcial42561842015Tests.xctest */,
				335D04062655F92C00FBEBA2 /* parcial42561842015UITests.xctest */,
			);
			name = Products;
			sourceTree = "<group>";
		};
		335D03E62655F92C00FBEBA2 /* parcial42561842015 */ = {
			isa = PBXGroup;
			children = (
				335D03E72655F92C00FBEBA2 /* AppDelegate.swift */,
				335D03E92655F92C00FBEBA2 /* ViewController.swift */,
				335D03EB2655F92C00FBEBA2 /* Main.storyboard */,
				335D03F12655F92C00FBEBA2 /* Assets.xcassets */,
				335D03F32655F92C00FBEBA2 /* LaunchScreen.storyboard */,
				335D03F62655F92C00FBEBA2 /* Info.plist */,
				335D03EE2655F92C00FBEBA2 /* parcial42561842015.xcdatamodeld */,
			);
			path = parcial42561842015;
			sourceTree = "<group>";
		};
		335D03FE2655F92C00FBEBA2 /* parcial42561842015Tests */ = {
			isa = PBXGroup;
			children = (
				335D03FF2655F92C00FBEBA2 /* parcial42561842015Tests.swift */,
				335D04012655F92C00FBEBA2 /* Info.plist */,
			);
			path = parcial42561842015Tests;
			sourceTree = "<group>";
		};
		335D04092655F92C00FBEBA2 /* parcial42561842015UITests */ = {
			isa = PBXGroup;
			children = (
				335D040A2655F92C00FBEBA2 /* parcial42561842015UITests.swift */,
				335D040C2655F92C00FBEBA2 /* Info.plist */,
			);
			path = parcial42561842015UITests;
			sourceTree = "<group>";
		};
/* End PBXGroup section */

/* Begin PBXNativeTarget section */
		335D03E32655F92C00FBEBA2 /* parcial42561842015 */ = {
			isa = PBXNativeTarget;
			buildConfigurationList = 335D040F2655F92C00FBEBA2 /* Build configuration list for PBXNativeTarget "parcial42561842015" */;
			buildPhases = (
				335D03E02655F92C00FBEBA2 /* Sources */,
				335D03E12655F92C00FBEBA2 /* Frameworks */,
				335D03E22655F92C00FBEBA2 /* Resources */,
			);
			buildRules = (
			);
			dependencies = (
			);
			name = parcial42561842015;
			productName = parcial42561842015;
			productReference = 335D03E42655F92C00FBEBA2 /* parcial42561842015.app */;
			productType = "com.apple.product-type.application";
		};
		335D03FA2655F92C00FBEBA2 /* parcial42561842015Tests */ = {
			isa = PBXNativeTarget;
			buildConfigurationList = 335D04122655F92C00FBEBA2 /* Build configuration list for PBXNativeTarget "parcial42561842015Tests" */;
			buildPhases = (
				335D03F72655F92C00FBEBA2 /* Sources */,
				335D03F82655F92C00FBEBA2 /* Frameworks */,
				335D03F92655F92C00FBEBA2 /* Resources */,
			);
			buildRules = (
			);
			dependencies = (
				335D03FD2655F92C00FBEBA2 /* PBXTargetDependency */,
			);
			name = parcial42561842015Tests;
			productName = parcial42561842015Tests;
			productReference = 335D03FB2655F92C00FBEBA2 /* parcial42561842015Tests.xctest */;
			productType = "com.apple.product-type.bundle.unit-test";
		};
		335D04052655F92C00FBEBA2 /* parcial42561842015UITests */ = {
			isa = PBXNativeTarget;
			buildConfigurationList = 335D04152655F92C00FBEBA2 /* Build configuration list for PBXNativeTarget "parcial42561842015UITests" */;
			buildPhases = (
				335D04022655F92C00FBEBA2 /* Sources */,
				335D04032655F92C00FBEBA2 /* Frameworks */,
				335D04042655F92C00FBEBA2 /* Resources */,
			);
			buildRules = (
			);
			dependencies = (
				335D04082655F92C00FBEBA2 /* PBXTargetDependency */,
			);
			name = parcial42561842015UITests;
			productName = parcial42561842015UITests;
			productReference = 335D04062655F92C00FBEBA2 /* parcial42561842015UITests.xctest */;
			productType = "com.apple.product-type.bundle.ui-testing";
		};
/* End PBXNativeTarget section */

/* Begin PBXProject section */
		335D03DC2655F92C00FBEBA2 /* Project object */ = {
			isa = PBXProject;
			attributes = {
				LastSwiftUpdateCheck = 0830;
				LastUpgradeCheck = 0830;
				ORGANIZATIONNAME = Development;
				TargetAttributes = {
					335D03E32655F92C00FBEBA2 = {
						CreatedOnToolsVersion = 8.3.3;
						ProvisioningStyle = Automatic;
					};
					335D03FA2655F92C00FBEBA2 = {
						CreatedOnToolsVersion = 8.3.3;
						ProvisioningStyle = Automatic;
						TestTargetID = 335D03E32655F92C00FBEBA2;
					};
					335D04052655F92C00FBEBA2 = {
						CreatedOnToolsVersion = 8.3.3;
						ProvisioningStyle = Automatic;
						TestTargetID = 335D03E32655F92C00FBEBA2;
					};
				};
			};
			buildConfigurationList = 335D03DF2655F92C00FBEBA2 /* Build configuration list for PBXProject "parcial42561842015" */;
			compatibilityVersion = "Xcode 3.2";
			developmentRegion = English;
			hasScannedForEncodings = 0;
			knownRegions = (
				en,
				Base,
			);
			mainGroup = 335D03DB2655F92C00FBEBA2;
			productRefGroup = 335D03E52655F92C00FBEBA2 /* Products */;
			projectDirPath = "";
			projectRoot = "";
			targets = (
				335D03E32655F92C00FBEBA2 /* parcial42561842015 */,
				335D03FA2655F92C00FBEBA2 /* parcial42561842015Tests */,
				335D04052655F92C00FBEBA2 /* parcial42561842015UITests */,
			);
		};
/* End PBXProject section */

/* Begin PBXResourcesBuildPhase section */
		335D03E22655F92C00FBEBA2 /* Resources */ = {
			isa = PBXResourcesBuildPhase;
			buildActionMask = 2147483647;
			files = (
				335D03F52655F92C00FBEBA2 /* LaunchScreen.storyboard in Resources */,
				335D03F22655F92C00FBEBA2 /* Assets.xcassets in Resources */,
				335D03ED2655F92C00FBEBA2 /* Main.storyboard in Resources */,
			);
			runOnlyForDeploymentPostprocessing = 0;
		};
		335D03F92655F92C00FBEBA2 /* Resources */ = {
			isa = PBXResourcesBuildPhase;
			buildActionMask = 2147483647;
			files = (
			);
			runOnlyForDeploymentPostprocessing = 0;
		};
		335D04042655F92C00FBEBA2 /* Resources */ = {
			isa = PBXResourcesBuildPhase;
			buildActionMask = 2147483647;
			files = (
			);
			runOnlyForDeploymentPostprocessing = 0;
		};
/* End PBXResourcesBuildPhase section */

/* Begin PBXSourcesBuildPhase section */
		335D03E02655F92C00FBEBA2 /* Sources */ = {
			isa = PBXSourcesBuildPhase;
			buildActionMask = 2147483647;
			files = (
				335D03F02655F92C00FBEBA2 /* parcial42561842015.xcdatamodeld in Sources */,
				335D041B2655FAEC00FBEBA2 /* Informacion+CoreDataProperties.swift in Sources */,
				335D03EA2655F92C00FBEBA2 /* ViewController.swift in Sources */,
				335D03E82655F92C00FBEBA2 /* AppDelegate.swift in Sources */,
				335D041A2655FAEC00FBEBA2 /* Informacion+CoreDataClass.swift in Sources */,
			);
			runOnlyForDeploymentPostprocessing = 0;
		};
		335D03F72655F92C00FBEBA2 /* Sources */ = {
			isa = PBXSourcesBuildPhase;
			buildActionMask = 2147483647;
			files = (
				335D04002655F92C00FBEBA2 /* parcial42561842015Tests.swift in Sources */,
			);
			runOnlyForDeploymentPostprocessing = 0;
		};
		335D04022655F92C00FBEBA2 /* Sources */ = {
			isa = PBXSourcesBuildPhase;
			buildActionMask = 2147483647;
			files = (
				335D040B2655F92C00FBEBA2 /* parcial42561842015UITests.swift in Sources */,
			);
			runOnlyForDeploymentPostprocessing = 0;
		};
/* End PBXSourcesBuildPhase section */

/* Begin PBXTargetDependency section */
		335D03FD2655F92C00FBEBA2 /* PBXTargetDependency */ = {
			isa = PBXTargetDependency;
			target = 335D03E32655F92C00FBEBA2 /* parcial42561842015 */;
			targetProxy = 335D03FC2655F92C00FBEBA2 /* PBXContainerItemProxy */;
		};
		335D04082655F92C00FBEBA2 /* PBXTargetDependency */ = {
			isa = PBXTargetDependency;
			target = 335D03E32655F92C00FBEBA2 /* parcial42561842015 */;
			targetProxy = 335D04072655F92C00FBEBA2 /* PBXContainerItemProxy */;
		};
/* End PBXTargetDependency section */

/* Begin PBXVariantGroup section */
		335D03EB2655F92C00FBEBA2 /* Main.storyboard */ = {
			isa = PBXVariantGroup;
			children = (
				335D03EC2655F92C00FBEBA2 /* Base */,
			);
			name = Main.storyboard;
			sourceTree = "<group>";
		};
		335D03F32655F92C00FBEBA2 /* LaunchScreen.storyboard */ = {
			isa = PBXVariantGroup;
			children = (
				335D03F42655F92C00FBEBA2 /* Base */,
			);
			name = LaunchScreen.storyboard;
			sourceTree = "<group>";
		};
/* End PBXVariantGroup section */

/* Begin XCBuildConfiguration section */
		335D040D2655F92C00FBEBA2 /* Debug */ = {
			isa = XCBuildConfiguration;
			buildSettings = {
				ALWAYS_SEARCH_USER_PATHS = NO;
				CLANG_ANALYZER_NONNULL = YES;
				CLANG_ANALYZER_NUMBER_OBJECT_CONVERSION = YES_AGGRESSIVE;
				CLANG_CXX_LANGUAGE_STANDARD = "gnu++0x";
				CLANG_CXX_LIBRARY = "libc++";
				CLANG_ENABLE_MODULES = YES;
				CLANG_ENABLE_OBJC_ARC = YES;
				CLANG_WARN_BOOL_CONVERSION = YES;
				CLANG_WARN_CONSTANT_CONVERSION = YES;
				CLANG_WARN_DIRECT_OBJC_ISA_USAGE = YES_ERROR;
				CLANG_WARN_DOCUMENTATION_COMMENTS = YES;
				CLANG_WARN_EMPTY_BODY = YES;
				CLANG_WARN_ENUM_CONVERSION = YES;
				CLANG_WARN_INFINITE_RECURSION = YES;
				CLANG_WARN_INT_CONVERSION = YES;
				CLANG_WARN_OBJC_ROOT_CLASS = YES_ERROR;
				CLANG_WARN_SUSPICIOUS_MOVE = YES;
				CLANG_WARN_UNREACHABLE_CODE = YES;
				CLANG_WARN__DUPLICATE_METHOD_MATCH = YES;
				"CODE_SIGN_IDENTITY[sdk=iphoneos*]" = "iPhone Developer";
				COPY_PHASE_STRIP = NO;
				DEBUG_INFORMATION_FORMAT = dwarf;
				ENABLE_STRICT_OBJC_MSGSEND = YES;
				ENABLE_TESTABILITY = YES;
				GCC_C_LANGUAGE_STANDARD = gnu99;
				GCC_DYNAMIC_NO_PIC = NO;
				GCC_NO_COMMON_BLOCKS = YES;
				GCC_OPTIMIZATION_LEVEL = 0;
				GCC_PREPROCESSOR_DEFINITIONS = (
					"DEBUG=1",
					"$(inherited)",
				);
				GCC_WARN_64_TO_32_BIT_CONVERSION = YES;
				GCC_WARN_ABOUT_RETURN_TYPE = YES_ERROR;
				GCC_WARN_UNDECLARED_SELECTOR = YES;
				GCC_WARN_UNINITIALIZED_AUTOS = YES_AGGRESSIVE;
				GCC_WARN_UNUSED_FUNCTION = YES;
				GCC_WARN_UNUSED_VARIABLE = YES;
				IPHONEOS_DEPLOYMENT_TARGET = 10.3;
				MTL_ENABLE_DEBUG_INFO = YES;
				ONLY_ACTIVE_ARCH = YES;
				SDKROOT = iphoneos;
				SWIFT_ACTIVE_COMPILATION_CONDITIONS = DEBUG;
				SWIFT_OPTIMIZATION_LEVEL = "-Onone";
			};
			name = Debug;
		};
		335D040E2655F92C00FBEBA2 /* Release */ = {
			isa = XCBuildConfiguration;
			buildSettings = {
				ALWAYS_SEARCH_USER_PATHS = NO;
				CLANG_ANALYZER_NONNULL = YES;
				CLANG_ANALYZER_NUMBER_OBJECT_CONVERSION = YES_AGGRESSIVE;
				CLANG_CXX_LANGUAGE_STANDARD = "gnu++0x";
				CLANG_CXX_LIBRARY = "libc++";
				CLANG_ENABLE_MODULES = YES;
				CLANG_ENABLE_OBJC_ARC = YES;
				CLANG_WARN_BOOL_CONVERSION = YES;
				CLANG_WARN_CONSTANT_CONVERSION = YES;
				CLANG_WARN_DIRECT_OBJC_ISA_USAGE = YES_ERROR;
				CLANG_WARN_DOCUMENTATION_COMMENTS = YES;
				CLANG_WARN_EMPTY_BODY = YES;
				CLANG_WARN_ENUM_CONVERSION = YES;
				CLANG_WARN_INFINITE_RECURSION = YES;
				CLANG_WARN_INT_CONVERSION = YES;
				CLANG_WARN_OBJC_ROOT_CLASS = YES_ERROR;
				CLANG_WARN_SUSPICIOUS_MOVE = YES;
				CLANG_WARN_UNREACHABLE_CODE = YES;
				CLANG_WARN__DUPLICATE_METHOD_MATCH = YES;
				"CODE_SIGN_IDENTITY[sdk=iphoneos*]" = "iPhone Developer";
				COPY_PHASE_STRIP = NO;
				DEBUG_INFORMATION_FORMAT = "dwarf-with-dsym";
				ENABLE_NS_ASSERTIONS = NO;
				ENABLE_STRICT_OBJC_MSGSEND = YES;
				GCC_C_LANGUAGE_STANDARD = gnu99;
				GCC_NO_COMMON_BLOCKS = YES;
				GCC_WARN_64_TO_32_BIT_CONVERSION = YES;
				GCC_WARN_ABOUT_RETURN_TYPE = YES_ERROR;
				GCC_WARN_UNDECLARED_SELECTOR = YES;
				GCC_WARN_UNINITIALIZED_AUTOS = YES_AGGRESSIVE;
				GCC_WARN_UNUSED_FUNCTION = YES;
				GCC_WARN_UNUSED_VARIABLE = YES;
				IPHONEOS_DEPLOYMENT_TARGET = 10.3;
				MTL_ENABLE_DEBUG_INFO = NO;
				SDKROOT = iphoneos;
				SWIFT_OPTIMIZATION_LEVEL = "-Owholemodule";
				VALIDATE_PRODUCT = YES;
			};
			name = Release;
		};
		335D04102655F92C00FBEBA2 /* Debug */ = {
			isa = XCBuildConfiguration;
			buildSettings = {
				ASSETCATALOG_COMPILER_APPICON_NAME = AppIcon;
				INFOPLIST_FILE = parcial42561842015/Info.plist;
				LD_RUNPATH_SEARCH_PATHS = "$(inherited) @executable_path/Frameworks";
				PRODUCT_BUNDLE_IDENTIFIER = Development.parcial42561842015;
				PRODUCT_NAME = "$(TARGET_NAME)";
				SWIFT_VERSION = 3.0;
			};
			name = Debug;
		};
		335D04112655F92C00FBEBA2 /* Release */ = {
			isa = XCBuildConfiguration;
			buildSettings = {
				ASSETCATALOG_COMPILER_APPICON_NAME = AppIcon;
				INFOPLIST_FILE = parcial42561842015/Info.plist;
				LD_RUNPATH_SEARCH_PATHS = "$(inherited) @executable_path/Frameworks";
				PRODUCT_BUNDLE_IDENTIFIER = Development.parcial42561842015;
				PRODUCT_NAME = "$(TARGET_NAME)";
				SWIFT_VERSION = 3.0;
			};
			name = Release;
		};
		335D04132655F92C00FBEBA2 /* Debug */ = {
			isa = XCBuildConfiguration;
			buildSettings = {
				ALWAYS_EMBED_SWIFT_STANDARD_LIBRARIES = YES;
				BUNDLE_LOADER = "$(TEST_HOST)";
				INFOPLIST_FILE = parcial42561842015Tests/Info.plist;
				LD_RUNPATH_SEARCH_PATHS = "$(inherited) @executable_path/Frameworks @loader_path/Frameworks";
				PRODUCT_BUNDLE_IDENTIFIER = Development.parcial42561842015Tests;
				PRODUCT_NAME = "$(TARGET_NAME)";
				SWIFT_VERSION = 3.0;
				TEST_HOST = "$(BUILT_PRODUCTS_DIR)/parcial42561842015.app/parcial42561842015";
			};
			name = Debug;
		};
		335D04142655F92C00FBEBA2 /* Release */ = {
			isa = XCBuildConfiguration;
			buildSettings = {
				ALWAYS_EMBED_SWIFT_STANDARD_LIBRARIES = YES;
				BUNDLE_LOADER = "$(TEST_HOST)";
				INFOPLIST_FILE = parcial42561842015Tests/Info.plist;
				LD_RUNPATH_SEARCH_PATHS = "$(inherited) @executable_path/Frameworks @loader_path/Frameworks";
				PRODUCT_BUNDLE_IDENTIFIER = Development.parcial42561842015Tests;
				PRODUCT_NAME = "$(TARGET_NAME)";
				SWIFT_VERSION = 3.0;
				TEST_HOST = "$(BUILT_PRODUCTS_DIR)/parcial42561842015.app/parcial42561842015";
			};
			name = Release;
		};
		335D04162655F92C00FBEBA2 /* Debug */ = {
			isa = XCBuildConfiguration;
			buildSettings = {
				ALWAYS_EMBED_SWIFT_STANDARD_LIBRARIES = YES;
				INFOPLIST_FILE = parcial42561842015UITests/Info.plist;
				LD_RUNPATH_SEARCH_PATHS = "$(inherited) @executable_path/Frameworks @loader_path/Frameworks";
				PRODUCT_BUNDLE_IDENTIFIER = Development.parcial42561842015UITests;
				PRODUCT_NAME = "$(TARGET_NAME)";
				SWIFT_VERSION = 3.0;
				TEST_TARGET_NAME = parcial42561842015;
			};
			name = Debug;
		};
		335D04172655F92C00FBEBA2 /* Release */ = {
			isa = XCBuildConfiguration;
			buildSettings = {
				ALWAYS_EMBED_SWIFT_STANDARD_LIBRARIES = YES;
				INFOPLIST_FILE = parcial42561842015UITests/Info.plist;
				LD_RUNPATH_SEARCH_PATHS = "$(inherited) @executable_path/Frameworks @loader_path/Frameworks";
				PRODUCT_BUNDLE_IDENTIFIER = Development.parcial42561842015UITests;
				PRODUCT_NAME = "$(TARGET_NAME)";
				SWIFT_VERSION = 3.0;
				TEST_TARGET_NAME = parcial42561842015;
			};
			name = Release;
		};
/* End XCBuildConfiguration section */

/* Begin XCConfigurationList section */
		335D03DF2655F92C00FBEBA2 /* Build configuration list for PBXProject "parcial42561842015" */ = {
			isa = XCConfigurationList;
			buildConfigurations = (
				335D040D2655F92C00FBEBA2 /* Debug */,
				335D040E2655F92C00FBEBA2 /* Release */,
			);
			defaultConfigurationIsVisible = 0;
			defaultConfigurationName = Release;
		};
		335D040F2655F92C00FBEBA2 /* Build configuration list for PBXNativeTarget "parcial42561842015" */ = {
			isa = XCConfigurationList;
			buildConfigurations = (
				335D04102655F92C00FBEBA2 /* Debug */,
				335D04112655F92C00FBEBA2 /* Release */,
			);
			defaultConfigurationIsVisible = 0;
		};
		335D04122655F92C00FBEBA2 /* Build configuration list for PBXNativeTarget "parcial42561842015Tests" */ = {
			isa = XCConfigurationList;
			buildConfigurations = (
				335D04132655F92C00FBEBA2 /* Debug */,
				335D04142655F92C00FBEBA2 /* Release */,
			);
			defaultConfigurationIsVisible = 0;
		};
		335D04152655F92C00FBEBA2 /* Build configuration list for PBXNativeTarget "parcial42561842015UITests" */ = {
			isa = XCConfigurationList;
			buildConfigurations = (
				335D04162655F92C00FBEBA2 /* Debug */,
				335D04172655F92C00FBEBA2 /* Release */,
			);
			defaultConfigurationIsVisible = 0;
		};
/* End XCConfigurationList section */

/* Begin XCVersionGroup section */
		335D03EE2655F92C00FBEBA2 /* parcial42561842015.xcdatamodeld */ = {
			isa = XCVersionGroup;
			children = (
				335D03EF2655F92C00FBEBA2 /* parcial42561842015.xcdatamodel */,
			);
			currentVersion = 335D03EF2655F92C00FBEBA2 /* parcial42561842015.xcdatamodel */;
			path = parcial42561842015.xcdatamodeld;
			sourceTree = "<group>";
			versionGroupType = wrapper.xcdatamodel;
		};
/* End XCVersionGroup section */
	};
	rootObject = 335D03DC2655F92C00FBEBA2 /* Project object */;
}
