// !$*UTF8*$!
{
	archiveVersion = 1;
	classes = {
	};
	objectVersion = 46;
	objects = {

/* Begin PBXBuildFile section */
		3316F9D52646157F00FA8F35 /* AppDelegate.swift in Sources */ = {isa = PBXBuildFile; fileRef = 3316F9D42646157F00FA8F35 /* AppDelegate.swift */; };
		3316F9D72646157F00FA8F35 /* ViewController.swift in Sources */ = {isa = PBXBuildFile; fileRef = 3316F9D62646157F00FA8F35 /* ViewController.swift */; };
		3316F9DA2646157F00FA8F35 /* Main.storyboard in Resources */ = {isa = PBXBuildFile; fileRef = 3316F9D82646157F00FA8F35 /* Main.storyboard */; };
		3316F9DC2646157F00FA8F35 /* Assets.xcassets in Resources */ = {isa = PBXBuildFile; fileRef = 3316F9DB2646157F00FA8F35 /* Assets.xcassets */; };
		3316F9DF2646157F00FA8F35 /* LaunchScreen.storyboard in Resources */ = {isa = PBXBuildFile; fileRef = 3316F9DD2646157F00FA8F35 /* LaunchScreen.storyboard */; };
		3316F9E7264615F400FA8F35 /* Person.swift in Sources */ = {isa = PBXBuildFile; fileRef = 3316F9E6264615F400FA8F35 /* Person.swift */; };
		3316F9E92646161500FA8F35 /* Employee.swift in Sources */ = {isa = PBXBuildFile; fileRef = 3316F9E82646161500FA8F35 /* Employee.swift */; };
/* End PBXBuildFile section */

/* Begin PBXFileReference section */
		3316F9D12646157F00FA8F35 /* clase20210505c.app */ = {isa = PBXFileReference; explicitFileType = wrapper.application; includeInIndex = 0; path = clase20210505c.app; sourceTree = BUILT_PRODUCTS_DIR; };
		3316F9D42646157F00FA8F35 /* AppDelegate.swift */ = {isa = PBXFileReference; lastKnownFileType = sourcecode.swift; path = AppDelegate.swift; sourceTree = "<group>"; };
		3316F9D62646157F00FA8F35 /* ViewController.swift */ = {isa = PBXFileReference; lastKnownFileType = sourcecode.swift; path = ViewController.swift; sourceTree = "<group>"; };
		3316F9D92646157F00FA8F35 /* Base */ = {isa = PBXFileReference; lastKnownFileType = file.storyboard; name = Base; path = Base.lproj/Main.storyboard; sourceTree = "<group>"; };
		3316F9DB2646157F00FA8F35 /* Assets.xcassets */ = {isa = PBXFileReference; lastKnownFileType = folder.assetcatalog; path = Assets.xcassets; sourceTree = "<group>"; };
		3316F9DE2646157F00FA8F35 /* Base */ = {isa = PBXFileReference; lastKnownFileType = file.storyboard; name = Base; path = Base.lproj/LaunchScreen.storyboard; sourceTree = "<group>"; };
		3316F9E02646157F00FA8F35 /* Info.plist */ = {isa = PBXFileReference; lastKnownFileType = text.plist.xml; path = Info.plist; sourceTree = "<group>"; };
		3316F9E6264615F400FA8F35 /* Person.swift */ = {isa = PBXFileReference; fileEncoding = 4; lastKnownFileType = sourcecode.swift; path = Person.swift; sourceTree = "<group>"; };
		3316F9E82646161500FA8F35 /* Employee.swift */ = {isa = PBXFileReference; fileEncoding = 4; lastKnownFileType = sourcecode.swift; path = Employee.swift; sourceTree = "<group>"; };
/* End PBXFileReference section */

/* Begin PBXFrameworksBuildPhase section */
		3316F9CE2646157F00FA8F35 /* Frameworks */ = {
			isa = PBXFrameworksBuildPhase;
			buildActionMask = 2147483647;
			files = (
			);
			runOnlyForDeploymentPostprocessing = 0;
		};
/* End PBXFrameworksBuildPhase section */

/* Begin PBXGroup section */
		3316F9C82646157F00FA8F35 = {
			isa = PBXGroup;
			children = (
				3316F9D32646157F00FA8F35 /* clase20210505c */,
				3316F9D22646157F00FA8F35 /* Products */,
			);
			sourceTree = "<group>";
		};
		3316F9D22646157F00FA8F35 /* Products */ = {
			isa = PBXGroup;
			children = (
				3316F9D12646157F00FA8F35 /* clase20210505c.app */,
			);
			name = Products;
			sourceTree = "<group>";
		};
		3316F9D32646157F00FA8F35 /* clase20210505c */ = {
			isa = PBXGroup;
			children = (
				3316F9D42646157F00FA8F35 /* AppDelegate.swift */,
				3316F9D62646157F00FA8F35 /* ViewController.swift */,
				3316F9D82646157F00FA8F35 /* Main.storyboard */,
				3316F9DB2646157F00FA8F35 /* Assets.xcassets */,
				3316F9DD2646157F00FA8F35 /* LaunchScreen.storyboard */,
				3316F9E02646157F00FA8F35 /* Info.plist */,
				3316F9E6264615F400FA8F35 /* Person.swift */,
				3316F9E82646161500FA8F35 /* Employee.swift */,
			);
			path = clase20210505c;
			sourceTree = "<group>";
		};
/* End PBXGroup section */

/* Begin PBXNativeTarget section */
		3316F9D02646157F00FA8F35 /* clase20210505c */ = {
			isa = PBXNativeTarget;
			buildConfigurationList = 3316F9E32646157F00FA8F35 /* Build configuration list for PBXNativeTarget "clase20210505c" */;
			buildPhases = (
				3316F9CD2646157F00FA8F35 /* Sources */,
				3316F9CE2646157F00FA8F35 /* Frameworks */,
				3316F9CF2646157F00FA8F35 /* Resources */,
			);
			buildRules = (
			);
			dependencies = (
			);
			name = clase20210505c;
			productName = clase20210505c;
			productReference = 3316F9D12646157F00FA8F35 /* clase20210505c.app */;
			productType = "com.apple.product-type.application";
		};
/* End PBXNativeTarget section */

/* Begin PBXProject section */
		3316F9C92646157F00FA8F35 /* Project object */ = {
			isa = PBXProject;
			attributes = {
				LastSwiftUpdateCheck = 0830;
				LastUpgradeCheck = 0830;
				ORGANIZATIONNAME = Development;
				TargetAttributes = {
					3316F9D02646157F00FA8F35 = {
						CreatedOnToolsVersion = 8.3.3;
						ProvisioningStyle = Automatic;
					};
				};
			};
			buildConfigurationList = 3316F9CC2646157F00FA8F35 /* Build configuration list for PBXProject "clase20210505c" */;
			compatibilityVersion = "Xcode 3.2";
			developmentRegion = English;
			hasScannedForEncodings = 0;
			knownRegions = (
				en,
				Base,
			);
			mainGroup = 3316F9C82646157F00FA8F35;
			productRefGroup = 3316F9D22646157F00FA8F35 /* Products */;
			projectDirPath = "";
			projectRoot = "";
			targets = (
				3316F9D02646157F00FA8F35 /* clase20210505c */,
			);
		};
/* End PBXProject section */

/* Begin PBXResourcesBuildPhase section */
		3316F9CF2646157F00FA8F35 /* Resources */ = {
			isa = PBXResourcesBuildPhase;
			buildActionMask = 2147483647;
			files = (
				3316F9DF2646157F00FA8F35 /* LaunchScreen.storyboard in Resources */,
				3316F9DC2646157F00FA8F35 /* Assets.xcassets in Resources */,
				3316F9DA2646157F00FA8F35 /* Main.storyboard in Resources */,
			);
			runOnlyForDeploymentPostprocessing = 0;
		};
/* End PBXResourcesBuildPhase section */

/* Begin PBXSourcesBuildPhase section */
		3316F9CD2646157F00FA8F35 /* Sources */ = {
			isa = PBXSourcesBuildPhase;
			buildActionMask = 2147483647;
			files = (
				3316F9E7264615F400FA8F35 /* Person.swift in Sources */,
				3316F9E92646161500FA8F35 /* Employee.swift in Sources */,
				3316F9D72646157F00FA8F35 /* ViewController.swift in Sources */,
				3316F9D52646157F00FA8F35 /* AppDelegate.swift in Sources */,
			);
			runOnlyForDeploymentPostprocessing = 0;
		};
/* End PBXSourcesBuildPhase section */

/* Begin PBXVariantGroup section */
		3316F9D82646157F00FA8F35 /* Main.storyboard */ = {
			isa = PBXVariantGroup;
			children = (
				3316F9D92646157F00FA8F35 /* Base */,
			);
			name = Main.storyboard;
			sourceTree = "<group>";
		};
		3316F9DD2646157F00FA8F35 /* LaunchScreen.storyboard */ = {
			isa = PBXVariantGroup;
			children = (
				3316F9DE2646157F00FA8F35 /* Base */,
			);
			name = LaunchScreen.storyboard;
			sourceTree = "<group>";
		};
/* End PBXVariantGroup section */

/* Begin XCBuildConfiguration section */
		3316F9E12646157F00FA8F35 /* Debug */ = {
			isa = XCBuildConfiguration;
			buildSettings = {
				ALWAYS_SEARCH_USER_PATHS = NO;
				CLANG_ANALYZER_NONNULL = YES;
				CLANG_ANALYZER_NUMBER_OBJECT_CONVERSION = YES_AGGRESSIVE;
				CLANG_CXX_LANGUAGE_STANDARD = "gnu++0x";
				CLANG_CXX_LIBRARY = "libc++";
				CLANG_ENABLE_MODULES = YES;
				CLANG_ENABLE_OBJC_ARC = YES;
				CLANG_WARN_BOOL_CONVERSION = YES;
				CLANG_WARN_CONSTANT_CONVERSION = YES;
				CLANG_WARN_DIRECT_OBJC_ISA_USAGE = YES_ERROR;
				CLANG_WARN_DOCUMENTATION_COMMENTS = YES;
				CLANG_WARN_EMPTY_BODY = YES;
				CLANG_WARN_ENUM_CONVERSION = YES;
				CLANG_WARN_INFINITE_RECURSION = YES;
				CLANG_WARN_INT_CONVERSION = YES;
				CLANG_WARN_OBJC_ROOT_CLASS = YES_ERROR;
				CLANG_WARN_SUSPICIOUS_MOVE = YES;
				CLANG_WARN_UNREACHABLE_CODE = YES;
				CLANG_WARN__DUPLICATE_METHOD_MATCH = YES;
				"CODE_SIGN_IDENTITY[sdk=iphoneos*]" = "iPhone Developer";
				COPY_PHASE_STRIP = NO;
				DEBUG_INFORMATION_FORMAT = dwarf;
				ENABLE_STRICT_OBJC_MSGSEND = YES;
				ENABLE_TESTABILITY = YES;
				GCC_C_LANGUAGE_STANDARD = gnu99;
				GCC_DYNAMIC_NO_PIC = NO;
				GCC_NO_COMMON_BLOCKS = YES;
				GCC_OPTIMIZATION_LEVEL = 0;
				GCC_PREPROCESSOR_DEFINITIONS = (
					"DEBUG=1",
					"$(inherited)",
				);
				GCC_WARN_64_TO_32_BIT_CONVERSION = YES;
				GCC_WARN_ABOUT_RETURN_TYPE = YES_ERROR;
				GCC_WARN_UNDECLARED_SELECTOR = YES;
				GCC_WARN_UNINITIALIZED_AUTOS = YES_AGGRESSIVE;
				GCC_WARN_UNUSED_FUNCTION = YES;
				GCC_WARN_UNUSED_VARIABLE = YES;
				IPHONEOS_DEPLOYMENT_TARGET = 10.3;
				MTL_ENABLE_DEBUG_INFO = YES;
				ONLY_ACTIVE_ARCH = YES;
				SDKROOT = iphoneos;
				SWIFT_ACTIVE_COMPILATION_CONDITIONS = DEBUG;
				SWIFT_OPTIMIZATION_LEVEL = "-Onone";
			};
			name = Debug;
		};
		3316F9E22646157F00FA8F35 /* Release */ = {
			isa = XCBuildConfiguration;
			buildSettings = {
				ALWAYS_SEARCH_USER_PATHS = NO;
				CLANG_ANALYZER_NONNULL = YES;
				CLANG_ANALYZER_NUMBER_OBJECT_CONVERSION = YES_AGGRESSIVE;
				CLANG_CXX_LANGUAGE_STANDARD = "gnu++0x";
				CLANG_CXX_LIBRARY = "libc++";
				CLANG_ENABLE_MODULES = YES;
				CLANG_ENABLE_OBJC_ARC = YES;
				CLANG_WARN_BOOL_CONVERSION = YES;
				CLANG_WARN_CONSTANT_CONVERSION = YES;
				CLANG_WARN_DIRECT_OBJC_ISA_USAGE = YES_ERROR;
				CLANG_WARN_DOCUMENTATION_COMMENTS = YES;
				CLANG_WARN_EMPTY_BODY = YES;
				CLANG_WARN_ENUM_CONVERSION = YES;
				CLANG_WARN_INFINITE_RECURSION = YES;
				CLANG_WARN_INT_CONVERSION = YES;
				CLANG_WARN_OBJC_ROOT_CLASS = YES_ERROR;
				CLANG_WARN_SUSPICIOUS_MOVE = YES;
				CLANG_WARN_UNREACHABLE_CODE = YES;
				CLANG_WARN__DUPLICATE_METHOD_MATCH = YES;
				"CODE_SIGN_IDENTITY[sdk=iphoneos*]" = "iPhone Developer";
				COPY_PHASE_STRIP = NO;
				DEBUG_INFORMATION_FORMAT = "dwarf-with-dsym";
				ENABLE_NS_ASSERTIONS = NO;
				ENABLE_STRICT_OBJC_MSGSEND = YES;
				GCC_C_LANGUAGE_STANDARD = gnu99;
				GCC_NO_COMMON_BLOCKS = YES;
				GCC_WARN_64_TO_32_BIT_CONVERSION = YES;
				GCC_WARN_ABOUT_RETURN_TYPE = YES_ERROR;
				GCC_WARN_UNDECLARED_SELECTOR = YES;
				GCC_WARN_UNINITIALIZED_AUTOS = YES_AGGRESSIVE;
				GCC_WARN_UNUSED_FUNCTION = YES;
				GCC_WARN_UNUSED_VARIABLE = YES;
				IPHONEOS_DEPLOYMENT_TARGET = 10.3;
				MTL_ENABLE_DEBUG_INFO = NO;
				SDKROOT = iphoneos;
				SWIFT_OPTIMIZATION_LEVEL = "-Owholemodule";
				VALIDATE_PRODUCT = YES;
			};
			name = Release;
		};
		3316F9E42646157F00FA8F35 /* Debug */ = {
			isa = XCBuildConfiguration;
			buildSettings = {
				ASSETCATALOG_COMPILER_APPICON_NAME = AppIcon;
				INFOPLIST_FILE = clase20210505c/Info.plist;
				LD_RUNPATH_SEARCH_PATHS = "$(inherited) @executable_path/Frameworks";
				PRODUCT_BUNDLE_IDENTIFIER = Development.clase20210505c;
				PRODUCT_NAME = "$(TARGET_NAME)";
				SWIFT_VERSION = 3.0;
			};
			name = Debug;
		};
		3316F9E52646157F00FA8F35 /* Release */ = {
			isa = XCBuildConfiguration;
			buildSettings = {
				ASSETCATALOG_COMPILER_APPICON_NAME = AppIcon;
				INFOPLIST_FILE = clase20210505c/Info.plist;
				LD_RUNPATH_SEARCH_PATHS = "$(inherited) @executable_path/Frameworks";
				PRODUCT_BUNDLE_IDENTIFIER = Development.clase20210505c;
				PRODUCT_NAME = "$(TARGET_NAME)";
				SWIFT_VERSION = 3.0;
			};
			name = Release;
		};
/* End XCBuildConfiguration section */

/* Begin XCConfigurationList section */
		3316F9CC2646157F00FA8F35 /* Build configuration list for PBXProject "clase20210505c" */ = {
			isa = XCConfigurationList;
			buildConfigurations = (
				3316F9E12646157F00FA8F35 /* Debug */,
				3316F9E22646157F00FA8F35 /* Release */,
			);
			defaultConfigurationIsVisible = 0;
			defaultConfigurationName = Release;
		};
		3316F9E32646157F00FA8F35 /* Build configuration list for PBXNativeTarget "clase20210505c" */ = {
			isa = XCConfigurationList;
			buildConfigurations = (
				3316F9E42646157F00FA8F35 /* Debug */,
				3316F9E52646157F00FA8F35 /* Release */,
			);
			defaultConfigurationIsVisible = 0;
		};
/* End XCConfigurationList section */
	};
	rootObject = 3316F9C92646157F00FA8F35 /* Project object */;
}
