// !$*UTF8*$!
{
	archiveVersion = 1;
	classes = {
	};
	objectVersion = 46;
	objects = {

/* Begin PBXBuildFile section */
		3379917526379A35005D8333 /* AppDelegate.swift in Sources */ = {isa = PBXBuildFile; fileRef = 3379917426379A35005D8333 /* AppDelegate.swift */; };
		3379917726379A35005D8333 /* ViewController.swift in Sources */ = {isa = PBXBuildFile; fileRef = 3379917626379A35005D8333 /* ViewController.swift */; };
		3379917A26379A35005D8333 /* Main.storyboard in Resources */ = {isa = PBXBuildFile; fileRef = 3379917826379A35005D8333 /* Main.storyboard */; };
		3379917D26379A35005D8333 /* clase20210426.xcdatamodeld in Sources */ = {isa = PBXBuildFile; fileRef = 3379917B26379A35005D8333 /* clase20210426.xcdatamodeld */; };
		3379917F26379A35005D8333 /* Assets.xcassets in Resources */ = {isa = PBXBuildFile; fileRef = 3379917E26379A35005D8333 /* Assets.xcassets */; };
		3379918226379A35005D8333 /* LaunchScreen.storyboard in Resources */ = {isa = PBXBuildFile; fileRef = 3379918026379A35005D8333 /* LaunchScreen.storyboard */; };
		3379918D26379A35005D8333 /* clase20210426Tests.swift in Sources */ = {isa = PBXBuildFile; fileRef = 3379918C26379A35005D8333 /* clase20210426Tests.swift */; };
		3379919826379A35005D8333 /* clase20210426UITests.swift in Sources */ = {isa = PBXBuildFile; fileRef = 3379919726379A35005D8333 /* clase20210426UITests.swift */; };
/* End PBXBuildFile section */

/* Begin PBXContainerItemProxy section */
		3379918926379A35005D8333 /* PBXContainerItemProxy */ = {
			isa = PBXContainerItemProxy;
			containerPortal = 3379916926379A35005D8333 /* Project object */;
			proxyType = 1;
			remoteGlobalIDString = 3379917026379A35005D8333;
			remoteInfo = clase20210426;
		};
		3379919426379A35005D8333 /* PBXContainerItemProxy */ = {
			isa = PBXContainerItemProxy;
			containerPortal = 3379916926379A35005D8333 /* Project object */;
			proxyType = 1;
			remoteGlobalIDString = 3379917026379A35005D8333;
			remoteInfo = clase20210426;
		};
/* End PBXContainerItemProxy section */

/* Begin PBXFileReference section */
		3379917126379A35005D8333 /* clase20210426.app */ = {isa = PBXFileReference; explicitFileType = wrapper.application; includeInIndex = 0; path = clase20210426.app; sourceTree = BUILT_PRODUCTS_DIR; };
		3379917426379A35005D8333 /* AppDelegate.swift */ = {isa = PBXFileReference; lastKnownFileType = sourcecode.swift; path = AppDelegate.swift; sourceTree = "<group>"; };
		3379917626379A35005D8333 /* ViewController.swift */ = {isa = PBXFileReference; lastKnownFileType = sourcecode.swift; path = ViewController.swift; sourceTree = "<group>"; };
		3379917926379A35005D8333 /* Base */ = {isa = PBXFileReference; lastKnownFileType = file.storyboard; name = Base; path = Base.lproj/Main.storyboard; sourceTree = "<group>"; };
		3379917C26379A35005D8333 /* clase20210426.xcdatamodel */ = {isa = PBXFileReference; lastKnownFileType = wrapper.xcdatamodel; path = clase20210426.xcdatamodel; sourceTree = "<group>"; };
		3379917E26379A35005D8333 /* Assets.xcassets */ = {isa = PBXFileReference; lastKnownFileType = folder.assetcatalog; path = Assets.xcassets; sourceTree = "<group>"; };
		3379918126379A35005D8333 /* Base */ = {isa = PBXFileReference; lastKnownFileType = file.storyboard; name = Base; path = Base.lproj/LaunchScreen.storyboard; sourceTree = "<group>"; };
		3379918326379A35005D8333 /* Info.plist */ = {isa = PBXFileReference; lastKnownFileType = text.plist.xml; path = Info.plist; sourceTree = "<group>"; };
		3379918826379A35005D8333 /* clase20210426Tests.xctest */ = {isa = PBXFileReference; explicitFileType = wrapper.cfbundle; includeInIndex = 0; path = clase20210426Tests.xctest; sourceTree = BUILT_PRODUCTS_DIR; };
		3379918C26379A35005D8333 /* clase20210426Tests.swift */ = {isa = PBXFileReference; lastKnownFileType = sourcecode.swift; path = clase20210426Tests.swift; sourceTree = "<group>"; };
		3379918E26379A35005D8333 /* Info.plist */ = {isa = PBXFileReference; lastKnownFileType = text.plist.xml; path = Info.plist; sourceTree = "<group>"; };
		3379919326379A35005D8333 /* clase20210426UITests.xctest */ = {isa = PBXFileReference; explicitFileType = wrapper.cfbundle; includeInIndex = 0; path = clase20210426UITests.xctest; sourceTree = BUILT_PRODUCTS_DIR; };
		3379919726379A35005D8333 /* clase20210426UITests.swift */ = {isa = PBXFileReference; lastKnownFileType = sourcecode.swift; path = clase20210426UITests.swift; sourceTree = "<group>"; };
		3379919926379A35005D8333 /* Info.plist */ = {isa = PBXFileReference; lastKnownFileType = text.plist.xml; path = Info.plist; sourceTree = "<group>"; };
/* End PBXFileReference section */

/* Begin PBXFrameworksBuildPhase section */
		3379916E26379A35005D8333 /* Frameworks */ = {
			isa = PBXFrameworksBuildPhase;
			buildActionMask = 2147483647;
			files = (
			);
			runOnlyForDeploymentPostprocessing = 0;
		};
		3379918526379A35005D8333 /* Frameworks */ = {
			isa = PBXFrameworksBuildPhase;
			buildActionMask = 2147483647;
			files = (
			);
			runOnlyForDeploymentPostprocessing = 0;
		};
		3379919026379A35005D8333 /* Frameworks */ = {
			isa = PBXFrameworksBuildPhase;
			buildActionMask = 2147483647;
			files = (
			);
			runOnlyForDeploymentPostprocessing = 0;
		};
/* End PBXFrameworksBuildPhase section */

/* Begin PBXGroup section */
		3379916826379A35005D8333 = {
			isa = PBXGroup;
			children = (
				3379917326379A35005D8333 /* clase20210426 */,
				3379918B26379A35005D8333 /* clase20210426Tests */,
				3379919626379A35005D8333 /* clase20210426UITests */,
				3379917226379A35005D8333 /* Products */,
			);
			sourceTree = "<group>";
		};
		3379917226379A35005D8333 /* Products */ = {
			isa = PBXGroup;
			children = (
				3379917126379A35005D8333 /* clase20210426.app */,
				3379918826379A35005D8333 /* clase20210426Tests.xctest */,
				3379919326379A35005D8333 /* clase20210426UITests.xctest */,
			);
			name = Products;
			sourceTree = "<group>";
		};
		3379917326379A35005D8333 /* clase20210426 */ = {
			isa = PBXGroup;
			children = (
				3379917426379A35005D8333 /* AppDelegate.swift */,
				3379917626379A35005D8333 /* ViewController.swift */,
				3379917826379A35005D8333 /* Main.storyboard */,
				3379917E26379A35005D8333 /* Assets.xcassets */,
				3379918026379A35005D8333 /* LaunchScreen.storyboard */,
				3379918326379A35005D8333 /* Info.plist */,
				3379917B26379A35005D8333 /* clase20210426.xcdatamodeld */,
			);
			path = clase20210426;
			sourceTree = "<group>";
		};
		3379918B26379A35005D8333 /* clase20210426Tests */ = {
			isa = PBXGroup;
			children = (
				3379918C26379A35005D8333 /* clase20210426Tests.swift */,
				3379918E26379A35005D8333 /* Info.plist */,
			);
			path = clase20210426Tests;
			sourceTree = "<group>";
		};
		3379919626379A35005D8333 /* clase20210426UITests */ = {
			isa = PBXGroup;
			children = (
				3379919726379A35005D8333 /* clase20210426UITests.swift */,
				3379919926379A35005D8333 /* Info.plist */,
			);
			path = clase20210426UITests;
			sourceTree = "<group>";
		};
/* End PBXGroup section */

/* Begin PBXNativeTarget section */
		3379917026379A35005D8333 /* clase20210426 */ = {
			isa = PBXNativeTarget;
			buildConfigurationList = 3379919C26379A35005D8333 /* Build configuration list for PBXNativeTarget "clase20210426" */;
			buildPhases = (
				3379916D26379A35005D8333 /* Sources */,
				3379916E26379A35005D8333 /* Frameworks */,
				3379916F26379A35005D8333 /* Resources */,
			);
			buildRules = (
			);
			dependencies = (
			);
			name = clase20210426;
			productName = clase20210426;
			productReference = 3379917126379A35005D8333 /* clase20210426.app */;
			productType = "com.apple.product-type.application";
		};
		3379918726379A35005D8333 /* clase20210426Tests */ = {
			isa = PBXNativeTarget;
			buildConfigurationList = 3379919F26379A35005D8333 /* Build configuration list for PBXNativeTarget "clase20210426Tests" */;
			buildPhases = (
				3379918426379A35005D8333 /* Sources */,
				3379918526379A35005D8333 /* Frameworks */,
				3379918626379A35005D8333 /* Resources */,
			);
			buildRules = (
			);
			dependencies = (
				3379918A26379A35005D8333 /* PBXTargetDependency */,
			);
			name = clase20210426Tests;
			productName = clase20210426Tests;
			productReference = 3379918826379A35005D8333 /* clase20210426Tests.xctest */;
			productType = "com.apple.product-type.bundle.unit-test";
		};
		3379919226379A35005D8333 /* clase20210426UITests */ = {
			isa = PBXNativeTarget;
			buildConfigurationList = 337991A226379A35005D8333 /* Build configuration list for PBXNativeTarget "clase20210426UITests" */;
			buildPhases = (
				3379918F26379A35005D8333 /* Sources */,
				3379919026379A35005D8333 /* Frameworks */,
				3379919126379A35005D8333 /* Resources */,
			);
			buildRules = (
			);
			dependencies = (
				3379919526379A35005D8333 /* PBXTargetDependency */,
			);
			name = clase20210426UITests;
			productName = clase20210426UITests;
			productReference = 3379919326379A35005D8333 /* clase20210426UITests.xctest */;
			productType = "com.apple.product-type.bundle.ui-testing";
		};
/* End PBXNativeTarget section */

/* Begin PBXProject section */
		3379916926379A35005D8333 /* Project object */ = {
			isa = PBXProject;
			attributes = {
				LastSwiftUpdateCheck = 0830;
				LastUpgradeCheck = 0830;
				ORGANIZATIONNAME = Development;
				TargetAttributes = {
					3379917026379A35005D8333 = {
						CreatedOnToolsVersion = 8.3.3;
						ProvisioningStyle = Automatic;
					};
					3379918726379A35005D8333 = {
						CreatedOnToolsVersion = 8.3.3;
						ProvisioningStyle = Automatic;
						TestTargetID = 3379917026379A35005D8333;
					};
					3379919226379A35005D8333 = {
						CreatedOnToolsVersion = 8.3.3;
						ProvisioningStyle = Automatic;
						TestTargetID = 3379917026379A35005D8333;
					};
				};
			};
			buildConfigurationList = 3379916C26379A35005D8333 /* Build configuration list for PBXProject "clase20210426" */;
			compatibilityVersion = "Xcode 3.2";
			developmentRegion = English;
			hasScannedForEncodings = 0;
			knownRegions = (
				en,
				Base,
			);
			mainGroup = 3379916826379A35005D8333;
			productRefGroup = 3379917226379A35005D8333 /* Products */;
			projectDirPath = "";
			projectRoot = "";
			targets = (
				3379917026379A35005D8333 /* clase20210426 */,
				3379918726379A35005D8333 /* clase20210426Tests */,
				3379919226379A35005D8333 /* clase20210426UITests */,
			);
		};
/* End PBXProject section */

/* Begin PBXResourcesBuildPhase section */
		3379916F26379A35005D8333 /* Resources */ = {
			isa = PBXResourcesBuildPhase;
			buildActionMask = 2147483647;
			files = (
				3379918226379A35005D8333 /* LaunchScreen.storyboard in Resources */,
				3379917F26379A35005D8333 /* Assets.xcassets in Resources */,
				3379917A26379A35005D8333 /* Main.storyboard in Resources */,
			);
			runOnlyForDeploymentPostprocessing = 0;
		};
		3379918626379A35005D8333 /* Resources */ = {
			isa = PBXResourcesBuildPhase;
			buildActionMask = 2147483647;
			files = (
			);
			runOnlyForDeploymentPostprocessing = 0;
		};
		3379919126379A35005D8333 /* Resources */ = {
			isa = PBXResourcesBuildPhase;
			buildActionMask = 2147483647;
			files = (
			);
			runOnlyForDeploymentPostprocessing = 0;
		};
/* End PBXResourcesBuildPhase section */

/* Begin PBXSourcesBuildPhase section */
		3379916D26379A35005D8333 /* Sources */ = {
			isa = PBXSourcesBuildPhase;
			buildActionMask = 2147483647;
			files = (
				3379917D26379A35005D8333 /* clase20210426.xcdatamodeld in Sources */,
				3379917726379A35005D8333 /* ViewController.swift in Sources */,
				3379917526379A35005D8333 /* AppDelegate.swift in Sources */,
			);
			runOnlyForDeploymentPostprocessing = 0;
		};
		3379918426379A35005D8333 /* Sources */ = {
			isa = PBXSourcesBuildPhase;
			buildActionMask = 2147483647;
			files = (
				3379918D26379A35005D8333 /* clase20210426Tests.swift in Sources */,
			);
			runOnlyForDeploymentPostprocessing = 0;
		};
		3379918F26379A35005D8333 /* Sources */ = {
			isa = PBXSourcesBuildPhase;
			buildActionMask = 2147483647;
			files = (
				3379919826379A35005D8333 /* clase20210426UITests.swift in Sources */,
			);
			runOnlyForDeploymentPostprocessing = 0;
		};
/* End PBXSourcesBuildPhase section */

/* Begin PBXTargetDependency section */
		3379918A26379A35005D8333 /* PBXTargetDependency */ = {
			isa = PBXTargetDependency;
			target = 3379917026379A35005D8333 /* clase20210426 */;
			targetProxy = 3379918926379A35005D8333 /* PBXContainerItemProxy */;
		};
		3379919526379A35005D8333 /* PBXTargetDependency */ = {
			isa = PBXTargetDependency;
			target = 3379917026379A35005D8333 /* clase20210426 */;
			targetProxy = 3379919426379A35005D8333 /* PBXContainerItemProxy */;
		};
/* End PBXTargetDependency section */

/* Begin PBXVariantGroup section */
		3379917826379A35005D8333 /* Main.storyboard */ = {
			isa = PBXVariantGroup;
			children = (
				3379917926379A35005D8333 /* Base */,
			);
			name = Main.storyboard;
			sourceTree = "<group>";
		};
		3379918026379A35005D8333 /* LaunchScreen.storyboard */ = {
			isa = PBXVariantGroup;
			children = (
				3379918126379A35005D8333 /* Base */,
			);
			name = LaunchScreen.storyboard;
			sourceTree = "<group>";
		};
/* End PBXVariantGroup section */

/* Begin XCBuildConfiguration section */
		3379919A26379A35005D8333 /* Debug */ = {
			isa = XCBuildConfiguration;
			buildSettings = {
				ALWAYS_SEARCH_USER_PATHS = NO;
				CLANG_ANALYZER_NONNULL = YES;
				CLANG_ANALYZER_NUMBER_OBJECT_CONVERSION = YES_AGGRESSIVE;
				CLANG_CXX_LANGUAGE_STANDARD = "gnu++0x";
				CLANG_CXX_LIBRARY = "libc++";
				CLANG_ENABLE_MODULES = YES;
				CLANG_ENABLE_OBJC_ARC = YES;
				CLANG_WARN_BOOL_CONVERSION = YES;
				CLANG_WARN_CONSTANT_CONVERSION = YES;
				CLANG_WARN_DIRECT_OBJC_ISA_USAGE = YES_ERROR;
				CLANG_WARN_DOCUMENTATION_COMMENTS = YES;
				CLANG_WARN_EMPTY_BODY = YES;
				CLANG_WARN_ENUM_CONVERSION = YES;
				CLANG_WARN_INFINITE_RECURSION = YES;
				CLANG_WARN_INT_CONVERSION = YES;
				CLANG_WARN_OBJC_ROOT_CLASS = YES_ERROR;
				CLANG_WARN_SUSPICIOUS_MOVE = YES;
				CLANG_WARN_UNREACHABLE_CODE = YES;
				CLANG_WARN__DUPLICATE_METHOD_MATCH = YES;
				"CODE_SIGN_IDENTITY[sdk=iphoneos*]" = "iPhone Developer";
				COPY_PHASE_STRIP = NO;
				DEBUG_INFORMATION_FORMAT = dwarf;
				ENABLE_STRICT_OBJC_MSGSEND = YES;
				ENABLE_TESTABILITY = YES;
				GCC_C_LANGUAGE_STANDARD = gnu99;
				GCC_DYNAMIC_NO_PIC = NO;
				GCC_NO_COMMON_BLOCKS = YES;
				GCC_OPTIMIZATION_LEVEL = 0;
				GCC_PREPROCESSOR_DEFINITIONS = (
					"DEBUG=1",
					"$(inherited)",
				);
				GCC_WARN_64_TO_32_BIT_CONVERSION = YES;
				GCC_WARN_ABOUT_RETURN_TYPE = YES_ERROR;
				GCC_WARN_UNDECLARED_SELECTOR = YES;
				GCC_WARN_UNINITIALIZED_AUTOS = YES_AGGRESSIVE;
				GCC_WARN_UNUSED_FUNCTION = YES;
				GCC_WARN_UNUSED_VARIABLE = YES;
				IPHONEOS_DEPLOYMENT_TARGET = 10.3;
				MTL_ENABLE_DEBUG_INFO = YES;
				ONLY_ACTIVE_ARCH = YES;
				SDKROOT = iphoneos;
				SWIFT_ACTIVE_COMPILATION_CONDITIONS = DEBUG;
				SWIFT_OPTIMIZATION_LEVEL = "-Onone";
			};
			name = Debug;
		};
		3379919B26379A35005D8333 /* Release */ = {
			isa = XCBuildConfiguration;
			buildSettings = {
				ALWAYS_SEARCH_USER_PATHS = NO;
				CLANG_ANALYZER_NONNULL = YES;
				CLANG_ANALYZER_NUMBER_OBJECT_CONVERSION = YES_AGGRESSIVE;
				CLANG_CXX_LANGUAGE_STANDARD = "gnu++0x";
				CLANG_CXX_LIBRARY = "libc++";
				CLANG_ENABLE_MODULES = YES;
				CLANG_ENABLE_OBJC_ARC = YES;
				CLANG_WARN_BOOL_CONVERSION = YES;
				CLANG_WARN_CONSTANT_CONVERSION = YES;
				CLANG_WARN_DIRECT_OBJC_ISA_USAGE = YES_ERROR;
				CLANG_WARN_DOCUMENTATION_COMMENTS = YES;
				CLANG_WARN_EMPTY_BODY = YES;
				CLANG_WARN_ENUM_CONVERSION = YES;
				CLANG_WARN_INFINITE_RECURSION = YES;
				CLANG_WARN_INT_CONVERSION = YES;
				CLANG_WARN_OBJC_ROOT_CLASS = YES_ERROR;
				CLANG_WARN_SUSPICIOUS_MOVE = YES;
				CLANG_WARN_UNREACHABLE_CODE = YES;
				CLANG_WARN__DUPLICATE_METHOD_MATCH = YES;
				"CODE_SIGN_IDENTITY[sdk=iphoneos*]" = "iPhone Developer";
				COPY_PHASE_STRIP = NO;
				DEBUG_INFORMATION_FORMAT = "dwarf-with-dsym";
				ENABLE_NS_ASSERTIONS = NO;
				ENABLE_STRICT_OBJC_MSGSEND = YES;
				GCC_C_LANGUAGE_STANDARD = gnu99;
				GCC_NO_COMMON_BLOCKS = YES;
				GCC_WARN_64_TO_32_BIT_CONVERSION = YES;
				GCC_WARN_ABOUT_RETURN_TYPE = YES_ERROR;
				GCC_WARN_UNDECLARED_SELECTOR = YES;
				GCC_WARN_UNINITIALIZED_AUTOS = YES_AGGRESSIVE;
				GCC_WARN_UNUSED_FUNCTION = YES;
				GCC_WARN_UNUSED_VARIABLE = YES;
				IPHONEOS_DEPLOYMENT_TARGET = 10.3;
				MTL_ENABLE_DEBUG_INFO = NO;
				SDKROOT = iphoneos;
				SWIFT_OPTIMIZATION_LEVEL = "-Owholemodule";
				VALIDATE_PRODUCT = YES;
			};
			name = Release;
		};
		3379919D26379A35005D8333 /* Debug */ = {
			isa = XCBuildConfiguration;
			buildSettings = {
				ASSETCATALOG_COMPILER_APPICON_NAME = AppIcon;
				INFOPLIST_FILE = clase20210426/Info.plist;
				LD_RUNPATH_SEARCH_PATHS = "$(inherited) @executable_path/Frameworks";
				PRODUCT_BUNDLE_IDENTIFIER = Development.clase20210426;
				PRODUCT_NAME = "$(TARGET_NAME)";
				SWIFT_VERSION = 3.0;
			};
			name = Debug;
		};
		3379919E26379A35005D8333 /* Release */ = {
			isa = XCBuildConfiguration;
			buildSettings = {
				ASSETCATALOG_COMPILER_APPICON_NAME = AppIcon;
				INFOPLIST_FILE = clase20210426/Info.plist;
				LD_RUNPATH_SEARCH_PATHS = "$(inherited) @executable_path/Frameworks";
				PRODUCT_BUNDLE_IDENTIFIER = Development.clase20210426;
				PRODUCT_NAME = "$(TARGET_NAME)";
				SWIFT_VERSION = 3.0;
			};
			name = Release;
		};
		337991A026379A35005D8333 /* Debug */ = {
			isa = XCBuildConfiguration;
			buildSettings = {
				ALWAYS_EMBED_SWIFT_STANDARD_LIBRARIES = YES;
				BUNDLE_LOADER = "$(TEST_HOST)";
				INFOPLIST_FILE = clase20210426Tests/Info.plist;
				LD_RUNPATH_SEARCH_PATHS = "$(inherited) @executable_path/Frameworks @loader_path/Frameworks";
				PRODUCT_BUNDLE_IDENTIFIER = Development.clase20210426Tests;
				PRODUCT_NAME = "$(TARGET_NAME)";
				SWIFT_VERSION = 3.0;
				TEST_HOST = "$(BUILT_PRODUCTS_DIR)/clase20210426.app/clase20210426";
			};
			name = Debug;
		};
		337991A126379A35005D8333 /* Release */ = {
			isa = XCBuildConfiguration;
			buildSettings = {
				ALWAYS_EMBED_SWIFT_STANDARD_LIBRARIES = YES;
				BUNDLE_LOADER = "$(TEST_HOST)";
				INFOPLIST_FILE = clase20210426Tests/Info.plist;
				LD_RUNPATH_SEARCH_PATHS = "$(inherited) @executable_path/Frameworks @loader_path/Frameworks";
				PRODUCT_BUNDLE_IDENTIFIER = Development.clase20210426Tests;
				PRODUCT_NAME = "$(TARGET_NAME)";
				SWIFT_VERSION = 3.0;
				TEST_HOST = "$(BUILT_PRODUCTS_DIR)/clase20210426.app/clase20210426";
			};
			name = Release;
		};
		337991A326379A35005D8333 /* Debug */ = {
			isa = XCBuildConfiguration;
			buildSettings = {
				ALWAYS_EMBED_SWIFT_STANDARD_LIBRARIES = YES;
				INFOPLIST_FILE = clase20210426UITests/Info.plist;
				LD_RUNPATH_SEARCH_PATHS = "$(inherited) @executable_path/Frameworks @loader_path/Frameworks";
				PRODUCT_BUNDLE_IDENTIFIER = Development.clase20210426UITests;
				PRODUCT_NAME = "$(TARGET_NAME)";
				SWIFT_VERSION = 3.0;
				TEST_TARGET_NAME = clase20210426;
			};
			name = Debug;
		};
		337991A426379A35005D8333 /* Release */ = {
			isa = XCBuildConfiguration;
			buildSettings = {
				ALWAYS_EMBED_SWIFT_STANDARD_LIBRARIES = YES;
				INFOPLIST_FILE = clase20210426UITests/Info.plist;
				LD_RUNPATH_SEARCH_PATHS = "$(inherited) @executable_path/Frameworks @loader_path/Frameworks";
				PRODUCT_BUNDLE_IDENTIFIER = Development.clase20210426UITests;
				PRODUCT_NAME = "$(TARGET_NAME)";
				SWIFT_VERSION = 3.0;
				TEST_TARGET_NAME = clase20210426;
			};
			name = Release;
		};
/* End XCBuildConfiguration section */

/* Begin XCConfigurationList section */
		3379916C26379A35005D8333 /* Build configuration list for PBXProject "clase20210426" */ = {
			isa = XCConfigurationList;
			buildConfigurations = (
				3379919A26379A35005D8333 /* Debug */,
				3379919B26379A35005D8333 /* Release */,
			);
			defaultConfigurationIsVisible = 0;
			defaultConfigurationName = Release;
		};
		3379919C26379A35005D8333 /* Build configuration list for PBXNativeTarget "clase20210426" */ = {
			isa = XCConfigurationList;
			buildConfigurations = (
				3379919D26379A35005D8333 /* Debug */,
				3379919E26379A35005D8333 /* Release */,
			);
			defaultConfigurationIsVisible = 0;
		};
		3379919F26379A35005D8333 /* Build configuration list for PBXNativeTarget "clase20210426Tests" */ = {
			isa = XCConfigurationList;
			buildConfigurations = (
				337991A026379A35005D8333 /* Debug */,
				337991A126379A35005D8333 /* Release */,
			);
			defaultConfigurationIsVisible = 0;
		};
		337991A226379A35005D8333 /* Build configuration list for PBXNativeTarget "clase20210426UITests" */ = {
			isa = XCConfigurationList;
			buildConfigurations = (
				337991A326379A35005D8333 /* Debug */,
				337991A426379A35005D8333 /* Release */,
			);
			defaultConfigurationIsVisible = 0;
		};
/* End XCConfigurationList section */

/* Begin XCVersionGroup section */
		3379917B26379A35005D8333 /* clase20210426.xcdatamodeld */ = {
			isa = XCVersionGroup;
			children = (
				3379917C26379A35005D8333 /* clase20210426.xcdatamodel */,
			);
			currentVersion = 3379917C26379A35005D8333 /* clase20210426.xcdatamodel */;
			path = clase20210426.xcdatamodeld;
			sourceTree = "<group>";
			versionGroupType = wrapper.xcdatamodel;
		};
/* End XCVersionGroup section */
	};
	rootObject = 3379916926379A35005D8333 /* Project object */;
}
