// !$*UTF8*$!
{
	archiveVersion = 1;
	classes = {
	};
	objectVersion = 46;
	objects = {

/* Begin PBXBuildFile section */
		33A351DB2627FADA00221DB6 /* AppDelegate.swift in Sources */ = {isa = PBXBuildFile; fileRef = 33A351DA2627FADA00221DB6 /* AppDelegate.swift */; };
		33A351DD2627FADA00221DB6 /* ViewController.swift in Sources */ = {isa = PBXBuildFile; fileRef = 33A351DC2627FADA00221DB6 /* ViewController.swift */; };
		33A351E02627FADA00221DB6 /* Main.storyboard in Resources */ = {isa = PBXBuildFile; fileRef = 33A351DE2627FADA00221DB6 /* Main.storyboard */; };
		33A351E22627FADA00221DB6 /* Assets.xcassets in Resources */ = {isa = PBXBuildFile; fileRef = 33A351E12627FADA00221DB6 /* Assets.xcassets */; };
		33A351E52627FADA00221DB6 /* LaunchScreen.storyboard in Resources */ = {isa = PBXBuildFile; fileRef = 33A351E32627FADA00221DB6 /* LaunchScreen.storyboard */; };
		33A351F02627FADB00221DB6 /* clase20210407Tests.swift in Sources */ = {isa = PBXBuildFile; fileRef = 33A351EF2627FADB00221DB6 /* clase20210407Tests.swift */; };
		33A351FB2627FADB00221DB6 /* clase20210407UITests.swift in Sources */ = {isa = PBXBuildFile; fileRef = 33A351FA2627FADB00221DB6 /* clase20210407UITests.swift */; };
/* End PBXBuildFile section */

/* Begin PBXContainerItemProxy section */
		33A351EC2627FADB00221DB6 /* PBXContainerItemProxy */ = {
			isa = PBXContainerItemProxy;
			containerPortal = 33A351CF2627FADA00221DB6 /* Project object */;
			proxyType = 1;
			remoteGlobalIDString = 33A351D62627FADA00221DB6;
			remoteInfo = clase20210407;
		};
		33A351F72627FADB00221DB6 /* PBXContainerItemProxy */ = {
			isa = PBXContainerItemProxy;
			containerPortal = 33A351CF2627FADA00221DB6 /* Project object */;
			proxyType = 1;
			remoteGlobalIDString = 33A351D62627FADA00221DB6;
			remoteInfo = clase20210407;
		};
/* End PBXContainerItemProxy section */

/* Begin PBXFileReference section */
		33A351D72627FADA00221DB6 /* clase20210407.app */ = {isa = PBXFileReference; explicitFileType = wrapper.application; includeInIndex = 0; path = clase20210407.app; sourceTree = BUILT_PRODUCTS_DIR; };
		33A351DA2627FADA00221DB6 /* AppDelegate.swift */ = {isa = PBXFileReference; lastKnownFileType = sourcecode.swift; path = AppDelegate.swift; sourceTree = "<group>"; };
		33A351DC2627FADA00221DB6 /* ViewController.swift */ = {isa = PBXFileReference; lastKnownFileType = sourcecode.swift; path = ViewController.swift; sourceTree = "<group>"; };
		33A351DF2627FADA00221DB6 /* Base */ = {isa = PBXFileReference; lastKnownFileType = file.storyboard; name = Base; path = Base.lproj/Main.storyboard; sourceTree = "<group>"; };
		33A351E12627FADA00221DB6 /* Assets.xcassets */ = {isa = PBXFileReference; lastKnownFileType = folder.assetcatalog; path = Assets.xcassets; sourceTree = "<group>"; };
		33A351E42627FADA00221DB6 /* Base */ = {isa = PBXFileReference; lastKnownFileType = file.storyboard; name = Base; path = Base.lproj/LaunchScreen.storyboard; sourceTree = "<group>"; };
		33A351E62627FADA00221DB6 /* Info.plist */ = {isa = PBXFileReference; lastKnownFileType = text.plist.xml; path = Info.plist; sourceTree = "<group>"; };
		33A351EB2627FADB00221DB6 /* clase20210407Tests.xctest */ = {isa = PBXFileReference; explicitFileType = wrapper.cfbundle; includeInIndex = 0; path = clase20210407Tests.xctest; sourceTree = BUILT_PRODUCTS_DIR; };
		33A351EF2627FADB00221DB6 /* clase20210407Tests.swift */ = {isa = PBXFileReference; lastKnownFileType = sourcecode.swift; path = clase20210407Tests.swift; sourceTree = "<group>"; };
		33A351F12627FADB00221DB6 /* Info.plist */ = {isa = PBXFileReference; lastKnownFileType = text.plist.xml; path = Info.plist; sourceTree = "<group>"; };
		33A351F62627FADB00221DB6 /* clase20210407UITests.xctest */ = {isa = PBXFileReference; explicitFileType = wrapper.cfbundle; includeInIndex = 0; path = clase20210407UITests.xctest; sourceTree = BUILT_PRODUCTS_DIR; };
		33A351FA2627FADB00221DB6 /* clase20210407UITests.swift */ = {isa = PBXFileReference; lastKnownFileType = sourcecode.swift; path = clase20210407UITests.swift; sourceTree = "<group>"; };
		33A351FC2627FADB00221DB6 /* Info.plist */ = {isa = PBXFileReference; lastKnownFileType = text.plist.xml; path = Info.plist; sourceTree = "<group>"; };
/* End PBXFileReference section */

/* Begin PBXFrameworksBuildPhase section */
		33A351D42627FADA00221DB6 /* Frameworks */ = {
			isa = PBXFrameworksBuildPhase;
			buildActionMask = 2147483647;
			files = (
			);
			runOnlyForDeploymentPostprocessing = 0;
		};
		33A351E82627FADB00221DB6 /* Frameworks */ = {
			isa = PBXFrameworksBuildPhase;
			buildActionMask = 2147483647;
			files = (
			);
			runOnlyForDeploymentPostprocessing = 0;
		};
		33A351F32627FADB00221DB6 /* Frameworks */ = {
			isa = PBXFrameworksBuildPhase;
			buildActionMask = 2147483647;
			files = (
			);
			runOnlyForDeploymentPostprocessing = 0;
		};
/* End PBXFrameworksBuildPhase section */

/* Begin PBXGroup section */
		33A351CE2627FADA00221DB6 = {
			isa = PBXGroup;
			children = (
				33A351D92627FADA00221DB6 /* clase20210407 */,
				33A351EE2627FADB00221DB6 /* clase20210407Tests */,
				33A351F92627FADB00221DB6 /* clase20210407UITests */,
				33A351D82627FADA00221DB6 /* Products */,
			);
			sourceTree = "<group>";
		};
		33A351D82627FADA00221DB6 /* Products */ = {
			isa = PBXGroup;
			children = (
				33A351D72627FADA00221DB6 /* clase20210407.app */,
				33A351EB2627FADB00221DB6 /* clase20210407Tests.xctest */,
				33A351F62627FADB00221DB6 /* clase20210407UITests.xctest */,
			);
			name = Products;
			sourceTree = "<group>";
		};
		33A351D92627FADA00221DB6 /* clase20210407 */ = {
			isa = PBXGroup;
			children = (
				33A351DA2627FADA00221DB6 /* AppDelegate.swift */,
				33A351DC2627FADA00221DB6 /* ViewController.swift */,
				33A351DE2627FADA00221DB6 /* Main.storyboard */,
				33A351E12627FADA00221DB6 /* Assets.xcassets */,
				33A351E32627FADA00221DB6 /* LaunchScreen.storyboard */,
				33A351E62627FADA00221DB6 /* Info.plist */,
			);
			path = clase20210407;
			sourceTree = "<group>";
		};
		33A351EE2627FADB00221DB6 /* clase20210407Tests */ = {
			isa = PBXGroup;
			children = (
				33A351EF2627FADB00221DB6 /* clase20210407Tests.swift */,
				33A351F12627FADB00221DB6 /* Info.plist */,
			);
			path = clase20210407Tests;
			sourceTree = "<group>";
		};
		33A351F92627FADB00221DB6 /* clase20210407UITests */ = {
			isa = PBXGroup;
			children = (
				33A351FA2627FADB00221DB6 /* clase20210407UITests.swift */,
				33A351FC2627FADB00221DB6 /* Info.plist */,
			);
			path = clase20210407UITests;
			sourceTree = "<group>";
		};
/* End PBXGroup section */

/* Begin PBXNativeTarget section */
		33A351D62627FADA00221DB6 /* clase20210407 */ = {
			isa = PBXNativeTarget;
			buildConfigurationList = 33A351FF2627FADB00221DB6 /* Build configuration list for PBXNativeTarget "clase20210407" */;
			buildPhases = (
				33A351D32627FADA00221DB6 /* Sources */,
				33A351D42627FADA00221DB6 /* Frameworks */,
				33A351D52627FADA00221DB6 /* Resources */,
			);
			buildRules = (
			);
			dependencies = (
			);
			name = clase20210407;
			productName = clase20210407;
			productReference = 33A351D72627FADA00221DB6 /* clase20210407.app */;
			productType = "com.apple.product-type.application";
		};
		33A351EA2627FADB00221DB6 /* clase20210407Tests */ = {
			isa = PBXNativeTarget;
			buildConfigurationList = 33A352022627FADB00221DB6 /* Build configuration list for PBXNativeTarget "clase20210407Tests" */;
			buildPhases = (
				33A351E72627FADB00221DB6 /* Sources */,
				33A351E82627FADB00221DB6 /* Frameworks */,
				33A351E92627FADB00221DB6 /* Resources */,
			);
			buildRules = (
			);
			dependencies = (
				33A351ED2627FADB00221DB6 /* PBXTargetDependency */,
			);
			name = clase20210407Tests;
			productName = clase20210407Tests;
			productReference = 33A351EB2627FADB00221DB6 /* clase20210407Tests.xctest */;
			productType = "com.apple.product-type.bundle.unit-test";
		};
		33A351F52627FADB00221DB6 /* clase20210407UITests */ = {
			isa = PBXNativeTarget;
			buildConfigurationList = 33A352052627FADB00221DB6 /* Build configuration list for PBXNativeTarget "clase20210407UITests" */;
			buildPhases = (
				33A351F22627FADB00221DB6 /* Sources */,
				33A351F32627FADB00221DB6 /* Frameworks */,
				33A351F42627FADB00221DB6 /* Resources */,
			);
			buildRules = (
			);
			dependencies = (
				33A351F82627FADB00221DB6 /* PBXTargetDependency */,
			);
			name = clase20210407UITests;
			productName = clase20210407UITests;
			productReference = 33A351F62627FADB00221DB6 /* clase20210407UITests.xctest */;
			productType = "com.apple.product-type.bundle.ui-testing";
		};
/* End PBXNativeTarget section */

/* Begin PBXProject section */
		33A351CF2627FADA00221DB6 /* Project object */ = {
			isa = PBXProject;
			attributes = {
				LastSwiftUpdateCheck = 0830;
				LastUpgradeCheck = 0830;
				ORGANIZATIONNAME = Development;
				TargetAttributes = {
					33A351D62627FADA00221DB6 = {
						CreatedOnToolsVersion = 8.3.3;
						ProvisioningStyle = Automatic;
					};
					33A351EA2627FADB00221DB6 = {
						CreatedOnToolsVersion = 8.3.3;
						ProvisioningStyle = Automatic;
						TestTargetID = 33A351D62627FADA00221DB6;
					};
					33A351F52627FADB00221DB6 = {
						CreatedOnToolsVersion = 8.3.3;
						ProvisioningStyle = Automatic;
						TestTargetID = 33A351D62627FADA00221DB6;
					};
				};
			};
			buildConfigurationList = 33A351D22627FADA00221DB6 /* Build configuration list for PBXProject "clase20210407" */;
			compatibilityVersion = "Xcode 3.2";
			developmentRegion = English;
			hasScannedForEncodings = 0;
			knownRegions = (
				en,
				Base,
			);
			mainGroup = 33A351CE2627FADA00221DB6;
			productRefGroup = 33A351D82627FADA00221DB6 /* Products */;
			projectDirPath = "";
			projectRoot = "";
			targets = (
				33A351D62627FADA00221DB6 /* clase20210407 */,
				33A351EA2627FADB00221DB6 /* clase20210407Tests */,
				33A351F52627FADB00221DB6 /* clase20210407UITests */,
			);
		};
/* End PBXProject section */

/* Begin PBXResourcesBuildPhase section */
		33A351D52627FADA00221DB6 /* Resources */ = {
			isa = PBXResourcesBuildPhase;
			buildActionMask = 2147483647;
			files = (
				33A351E52627FADA00221DB6 /* LaunchScreen.storyboard in Resources */,
				33A351E22627FADA00221DB6 /* Assets.xcassets in Resources */,
				33A351E02627FADA00221DB6 /* Main.storyboard in Resources */,
			);
			runOnlyForDeploymentPostprocessing = 0;
		};
		33A351E92627FADB00221DB6 /* Resources */ = {
			isa = PBXResourcesBuildPhase;
			buildActionMask = 2147483647;
			files = (
			);
			runOnlyForDeploymentPostprocessing = 0;
		};
		33A351F42627FADB00221DB6 /* Resources */ = {
			isa = PBXResourcesBuildPhase;
			buildActionMask = 2147483647;
			files = (
			);
			runOnlyForDeploymentPostprocessing = 0;
		};
/* End PBXResourcesBuildPhase section */

/* Begin PBXSourcesBuildPhase section */
		33A351D32627FADA00221DB6 /* Sources */ = {
			isa = PBXSourcesBuildPhase;
			buildActionMask = 2147483647;
			files = (
				33A351DD2627FADA00221DB6 /* ViewController.swift in Sources */,
				33A351DB2627FADA00221DB6 /* AppDelegate.swift in Sources */,
			);
			runOnlyForDeploymentPostprocessing = 0;
		};
		33A351E72627FADB00221DB6 /* Sources */ = {
			isa = PBXSourcesBuildPhase;
			buildActionMask = 2147483647;
			files = (
				33A351F02627FADB00221DB6 /* clase20210407Tests.swift in Sources */,
			);
			runOnlyForDeploymentPostprocessing = 0;
		};
		33A351F22627FADB00221DB6 /* Sources */ = {
			isa = PBXSourcesBuildPhase;
			buildActionMask = 2147483647;
			files = (
				33A351FB2627FADB00221DB6 /* clase20210407UITests.swift in Sources */,
			);
			runOnlyForDeploymentPostprocessing = 0;
		};
/* End PBXSourcesBuildPhase section */

/* Begin PBXTargetDependency section */
		33A351ED2627FADB00221DB6 /* PBXTargetDependency */ = {
			isa = PBXTargetDependency;
			target = 33A351D62627FADA00221DB6 /* clase20210407 */;
			targetProxy = 33A351EC2627FADB00221DB6 /* PBXContainerItemProxy */;
		};
		33A351F82627FADB00221DB6 /* PBXTargetDependency */ = {
			isa = PBXTargetDependency;
			target = 33A351D62627FADA00221DB6 /* clase20210407 */;
			targetProxy = 33A351F72627FADB00221DB6 /* PBXContainerItemProxy */;
		};
/* End PBXTargetDependency section */

/* Begin PBXVariantGroup section */
		33A351DE2627FADA00221DB6 /* Main.storyboard */ = {
			isa = PBXVariantGroup;
			children = (
				33A351DF2627FADA00221DB6 /* Base */,
			);
			name = Main.storyboard;
			sourceTree = "<group>";
		};
		33A351E32627FADA00221DB6 /* LaunchScreen.storyboard */ = {
			isa = PBXVariantGroup;
			children = (
				33A351E42627FADA00221DB6 /* Base */,
			);
			name = LaunchScreen.storyboard;
			sourceTree = "<group>";
		};
/* End PBXVariantGroup section */

/* Begin XCBuildConfiguration section */
		33A351FD2627FADB00221DB6 /* Debug */ = {
			isa = XCBuildConfiguration;
			buildSettings = {
				ALWAYS_SEARCH_USER_PATHS = NO;
				CLANG_ANALYZER_NONNULL = YES;
				CLANG_ANALYZER_NUMBER_OBJECT_CONVERSION = YES_AGGRESSIVE;
				CLANG_CXX_LANGUAGE_STANDARD = "gnu++0x";
				CLANG_CXX_LIBRARY = "libc++";
				CLANG_ENABLE_MODULES = YES;
				CLANG_ENABLE_OBJC_ARC = YES;
				CLANG_WARN_BOOL_CONVERSION = YES;
				CLANG_WARN_CONSTANT_CONVERSION = YES;
				CLANG_WARN_DIRECT_OBJC_ISA_USAGE = YES_ERROR;
				CLANG_WARN_DOCUMENTATION_COMMENTS = YES;
				CLANG_WARN_EMPTY_BODY = YES;
				CLANG_WARN_ENUM_CONVERSION = YES;
				CLANG_WARN_INFINITE_RECURSION = YES;
				CLANG_WARN_INT_CONVERSION = YES;
				CLANG_WARN_OBJC_ROOT_CLASS = YES_ERROR;
				CLANG_WARN_SUSPICIOUS_MOVE = YES;
				CLANG_WARN_UNREACHABLE_CODE = YES;
				CLANG_WARN__DUPLICATE_METHOD_MATCH = YES;
				"CODE_SIGN_IDENTITY[sdk=iphoneos*]" = "iPhone Developer";
				COPY_PHASE_STRIP = NO;
				DEBUG_INFORMATION_FORMAT = dwarf;
				ENABLE_STRICT_OBJC_MSGSEND = YES;
				ENABLE_TESTABILITY = YES;
				GCC_C_LANGUAGE_STANDARD = gnu99;
				GCC_DYNAMIC_NO_PIC = NO;
				GCC_NO_COMMON_BLOCKS = YES;
				GCC_OPTIMIZATION_LEVEL = 0;
				GCC_PREPROCESSOR_DEFINITIONS = (
					"DEBUG=1",
					"$(inherited)",
				);
				GCC_WARN_64_TO_32_BIT_CONVERSION = YES;
				GCC_WARN_ABOUT_RETURN_TYPE = YES_ERROR;
				GCC_WARN_UNDECLARED_SELECTOR = YES;
				GCC_WARN_UNINITIALIZED_AUTOS = YES_AGGRESSIVE;
				GCC_WARN_UNUSED_FUNCTION = YES;
				GCC_WARN_UNUSED_VARIABLE = YES;
				IPHONEOS_DEPLOYMENT_TARGET = 10.3;
				MTL_ENABLE_DEBUG_INFO = YES;
				ONLY_ACTIVE_ARCH = YES;
				SDKROOT = iphoneos;
				SWIFT_ACTIVE_COMPILATION_CONDITIONS = DEBUG;
				SWIFT_OPTIMIZATION_LEVEL = "-Onone";
			};
			name = Debug;
		};
		33A351FE2627FADB00221DB6 /* Release */ = {
			isa = XCBuildConfiguration;
			buildSettings = {
				ALWAYS_SEARCH_USER_PATHS = NO;
				CLANG_ANALYZER_NONNULL = YES;
				CLANG_ANALYZER_NUMBER_OBJECT_CONVERSION = YES_AGGRESSIVE;
				CLANG_CXX_LANGUAGE_STANDARD = "gnu++0x";
				CLANG_CXX_LIBRARY = "libc++";
				CLANG_ENABLE_MODULES = YES;
				CLANG_ENABLE_OBJC_ARC = YES;
				CLANG_WARN_BOOL_CONVERSION = YES;
				CLANG_WARN_CONSTANT_CONVERSION = YES;
				CLANG_WARN_DIRECT_OBJC_ISA_USAGE = YES_ERROR;
				CLANG_WARN_DOCUMENTATION_COMMENTS = YES;
				CLANG_WARN_EMPTY_BODY = YES;
				CLANG_WARN_ENUM_CONVERSION = YES;
				CLANG_WARN_INFINITE_RECURSION = YES;
				CLANG_WARN_INT_CONVERSION = YES;
				CLANG_WARN_OBJC_ROOT_CLASS = YES_ERROR;
				CLANG_WARN_SUSPICIOUS_MOVE = YES;
				CLANG_WARN_UNREACHABLE_CODE = YES;
				CLANG_WARN__DUPLICATE_METHOD_MATCH = YES;
				"CODE_SIGN_IDENTITY[sdk=iphoneos*]" = "iPhone Developer";
				COPY_PHASE_STRIP = NO;
				DEBUG_INFORMATION_FORMAT = "dwarf-with-dsym";
				ENABLE_NS_ASSERTIONS = NO;
				ENABLE_STRICT_OBJC_MSGSEND = YES;
				GCC_C_LANGUAGE_STANDARD = gnu99;
				GCC_NO_COMMON_BLOCKS = YES;
				GCC_WARN_64_TO_32_BIT_CONVERSION = YES;
				GCC_WARN_ABOUT_RETURN_TYPE = YES_ERROR;
				GCC_WARN_UNDECLARED_SELECTOR = YES;
				GCC_WARN_UNINITIALIZED_AUTOS = YES_AGGRESSIVE;
				GCC_WARN_UNUSED_FUNCTION = YES;
				GCC_WARN_UNUSED_VARIABLE = YES;
				IPHONEOS_DEPLOYMENT_TARGET = 10.3;
				MTL_ENABLE_DEBUG_INFO = NO;
				SDKROOT = iphoneos;
				SWIFT_OPTIMIZATION_LEVEL = "-Owholemodule";
				VALIDATE_PRODUCT = YES;
			};
			name = Release;
		};
		33A352002627FADB00221DB6 /* Debug */ = {
			isa = XCBuildConfiguration;
			buildSettings = {
				ASSETCATALOG_COMPILER_APPICON_NAME = AppIcon;
				INFOPLIST_FILE = clase20210407/Info.plist;
				LD_RUNPATH_SEARCH_PATHS = "$(inherited) @executable_path/Frameworks";
				PRODUCT_BUNDLE_IDENTIFIER = Development.clase20210407;
				PRODUCT_NAME = "$(TARGET_NAME)";
				SWIFT_VERSION = 3.0;
			};
			name = Debug;
		};
		33A352012627FADB00221DB6 /* Release */ = {
			isa = XCBuildConfiguration;
			buildSettings = {
				ASSETCATALOG_COMPILER_APPICON_NAME = AppIcon;
				INFOPLIST_FILE = clase20210407/Info.plist;
				LD_RUNPATH_SEARCH_PATHS = "$(inherited) @executable_path/Frameworks";
				PRODUCT_BUNDLE_IDENTIFIER = Development.clase20210407;
				PRODUCT_NAME = "$(TARGET_NAME)";
				SWIFT_VERSION = 3.0;
			};
			name = Release;
		};
		33A352032627FADB00221DB6 /* Debug */ = {
			isa = XCBuildConfiguration;
			buildSettings = {
				ALWAYS_EMBED_SWIFT_STANDARD_LIBRARIES = YES;
				BUNDLE_LOADER = "$(TEST_HOST)";
				INFOPLIST_FILE = clase20210407Tests/Info.plist;
				LD_RUNPATH_SEARCH_PATHS = "$(inherited) @executable_path/Frameworks @loader_path/Frameworks";
				PRODUCT_BUNDLE_IDENTIFIER = Development.clase20210407Tests;
				PRODUCT_NAME = "$(TARGET_NAME)";
				SWIFT_VERSION = 3.0;
				TEST_HOST = "$(BUILT_PRODUCTS_DIR)/clase20210407.app/clase20210407";
			};
			name = Debug;
		};
		33A352042627FADB00221DB6 /* Release */ = {
			isa = XCBuildConfiguration;
			buildSettings = {
				ALWAYS_EMBED_SWIFT_STANDARD_LIBRARIES = YES;
				BUNDLE_LOADER = "$(TEST_HOST)";
				INFOPLIST_FILE = clase20210407Tests/Info.plist;
				LD_RUNPATH_SEARCH_PATHS = "$(inherited) @executable_path/Frameworks @loader_path/Frameworks";
				PRODUCT_BUNDLE_IDENTIFIER = Development.clase20210407Tests;
				PRODUCT_NAME = "$(TARGET_NAME)";
				SWIFT_VERSION = 3.0;
				TEST_HOST = "$(BUILT_PRODUCTS_DIR)/clase20210407.app/clase20210407";
			};
			name = Release;
		};
		33A352062627FADB00221DB6 /* Debug */ = {
			isa = XCBuildConfiguration;
			buildSettings = {
				ALWAYS_EMBED_SWIFT_STANDARD_LIBRARIES = YES;
				INFOPLIST_FILE = clase20210407UITests/Info.plist;
				LD_RUNPATH_SEARCH_PATHS = "$(inherited) @executable_path/Frameworks @loader_path/Frameworks";
				PRODUCT_BUNDLE_IDENTIFIER = Development.clase20210407UITests;
				PRODUCT_NAME = "$(TARGET_NAME)";
				SWIFT_VERSION = 3.0;
				TEST_TARGET_NAME = clase20210407;
			};
			name = Debug;
		};
		33A352072627FADB00221DB6 /* Release */ = {
			isa = XCBuildConfiguration;
			buildSettings = {
				ALWAYS_EMBED_SWIFT_STANDARD_LIBRARIES = YES;
				INFOPLIST_FILE = clase20210407UITests/Info.plist;
				LD_RUNPATH_SEARCH_PATHS = "$(inherited) @executable_path/Frameworks @loader_path/Frameworks";
				PRODUCT_BUNDLE_IDENTIFIER = Development.clase20210407UITests;
				PRODUCT_NAME = "$(TARGET_NAME)";
				SWIFT_VERSION = 3.0;
				TEST_TARGET_NAME = clase20210407;
			};
			name = Release;
		};
/* End XCBuildConfiguration section */

/* Begin XCConfigurationList section */
		33A351D22627FADA00221DB6 /* Build configuration list for PBXProject "clase20210407" */ = {
			isa = XCConfigurationList;
			buildConfigurations = (
				33A351FD2627FADB00221DB6 /* Debug */,
				33A351FE2627FADB00221DB6 /* Release */,
			);
			defaultConfigurationIsVisible = 0;
			defaultConfigurationName = Release;
		};
		33A351FF2627FADB00221DB6 /* Build configuration list for PBXNativeTarget "clase20210407" */ = {
			isa = XCConfigurationList;
			buildConfigurations = (
				33A352002627FADB00221DB6 /* Debug */,
				33A352012627FADB00221DB6 /* Release */,
			);
			defaultConfigurationIsVisible = 0;
		};
		33A352022627FADB00221DB6 /* Build configuration list for PBXNativeTarget "clase20210407Tests" */ = {
			isa = XCConfigurationList;
			buildConfigurations = (
				33A352032627FADB00221DB6 /* Debug */,
				33A352042627FADB00221DB6 /* Release */,
			);
			defaultConfigurationIsVisible = 0;
		};
		33A352052627FADB00221DB6 /* Build configuration list for PBXNativeTarget "clase20210407UITests" */ = {
			isa = XCConfigurationList;
			buildConfigurations = (
				33A352062627FADB00221DB6 /* Debug */,
				33A352072627FADB00221DB6 /* Release */,
			);
			defaultConfigurationIsVisible = 0;
		};
/* End XCConfigurationList section */
	};
	rootObject = 33A351CF2627FADA00221DB6 /* Project object */;
}
